// !$*UTF8*$!
{
	archiveVersion = 1;
	classes = {
	};
	objectVersion = 56;
	objects = {

/* Begin PBXBuildFile section */
		2D041BF729DFFF9900234843 /* UITextFieldExtensions.swift in Sources */ = {isa = PBXBuildFile; fileRef = 2D041BF629DFFF9900234843 /* UITextFieldExtensions.swift */; };
		2D3B4A7F29D4BE1200E433D8 /* ReadMe in Resources */ = {isa = PBXBuildFile; fileRef = 2D3B4A7E29D4BE1200E433D8 /* ReadMe */; };
		2D3B4A9F29D4BF4500E433D8 /* HomeTbvCell.swift in Sources */ = {isa = PBXBuildFile; fileRef = 2D3B4A8429D4BF4500E433D8 /* HomeTbvCell.swift */; };
		2D3B4AA029D4BF4500E433D8 /* HomeVC.swift in Sources */ = {isa = PBXBuildFile; fileRef = 2D3B4A8529D4BF4500E433D8 /* HomeVC.swift */; };
		2D3B4AA129D4BF4500E433D8 /* HomeData.swift in Sources */ = {isa = PBXBuildFile; fileRef = 2D3B4A8729D4BF4500E433D8 /* HomeData.swift */; };
		2D3B4AA229D4BF4500E433D8 /* HomeSB.storyboard in Resources */ = {isa = PBXBuildFile; fileRef = 2D3B4A8929D4BF4500E433D8 /* HomeSB.storyboard */; };
		2D3B4AA729D4BF4500E433D8 /* WKWebVC.swift in Sources */ = {isa = PBXBuildFile; fileRef = 2D3B4A9529D4BF4500E433D8 /* WKWebVC.swift */; };
		2D3B4AA829D4BF4500E433D8 /* WKWebModel.swift in Sources */ = {isa = PBXBuildFile; fileRef = 2D3B4A9729D4BF4500E433D8 /* WKWebModel.swift */; };
		2D3B4AA929D4BF4500E433D8 /* WKWebSB.storyboard in Resources */ = {isa = PBXBuildFile; fileRef = 2D3B4A9929D4BF4500E433D8 /* WKWebSB.storyboard */; };
		2D3B4AAA29D4BF4500E433D8 /* NavController.swift in Sources */ = {isa = PBXBuildFile; fileRef = 2D3B4A9B29D4BF4500E433D8 /* NavController.swift */; };
		2D3B4AAB29D4BF4500E433D8 /* TopBar.xib in Resources */ = {isa = PBXBuildFile; fileRef = 2D3B4A9D29D4BF4500E433D8 /* TopBar.xib */; };
		2D3B4AAC29D4BF4500E433D8 /* TopBar.swift in Sources */ = {isa = PBXBuildFile; fileRef = 2D3B4A9E29D4BF4500E433D8 /* TopBar.swift */; };
		2D3B4AB929D4BF5400E433D8 /* UITableViewExtensions.swift in Sources */ = {isa = PBXBuildFile; fileRef = 2D3B4AAF29D4BF5400E433D8 /* UITableViewExtensions.swift */; };
		2D3B4ABA29D4BF5400E433D8 /* StringExtensions.swift in Sources */ = {isa = PBXBuildFile; fileRef = 2D3B4AB029D4BF5400E433D8 /* StringExtensions.swift */; };
		2D3B4ABB29D4BF5400E433D8 /* WKWebViewExtensions.swift in Sources */ = {isa = PBXBuildFile; fileRef = 2D3B4AB129D4BF5400E433D8 /* WKWebViewExtensions.swift */; };
		2D3B4ABC29D4BF5400E433D8 /* UIViewControllerExtensions.swift in Sources */ = {isa = PBXBuildFile; fileRef = 2D3B4AB229D4BF5400E433D8 /* UIViewControllerExtensions.swift */; };
		2D3B4ABD29D4BF5400E433D8 /* UIViewExtensions.swift in Sources */ = {isa = PBXBuildFile; fileRef = 2D3B4AB329D4BF5400E433D8 /* UIViewExtensions.swift */; };
		2D3B4ABE29D4BF5400E433D8 /* UILabelExtensions.swift in Sources */ = {isa = PBXBuildFile; fileRef = 2D3B4AB429D4BF5400E433D8 /* UILabelExtensions.swift */; };
		2D3B4ABF29D4BF5400E433D8 /* UIButtonExtensions.swift in Sources */ = {isa = PBXBuildFile; fileRef = 2D3B4AB529D4BF5400E433D8 /* UIButtonExtensions.swift */; };
		2D3B4AC029D4BF5400E433D8 /* NSObjectExtensions.swift in Sources */ = {isa = PBXBuildFile; fileRef = 2D3B4AB629D4BF5400E433D8 /* NSObjectExtensions.swift */; };
		2D3B4AC129D4BF5400E433D8 /* UIColorExtensions.swift in Sources */ = {isa = PBXBuildFile; fileRef = 2D3B4AB729D4BF5400E433D8 /* UIColorExtensions.swift */; };
		2D3B4ACA29D4BF6A00E433D8 /* ApiConstants.swift in Sources */ = {isa = PBXBuildFile; fileRef = 2D3B4AC329D4BF6A00E433D8 /* ApiConstants.swift */; };
		2D3B4ACB29D4BF6A00E433D8 /* ApiEndPoints.swift in Sources */ = {isa = PBXBuildFile; fileRef = 2D3B4AC429D4BF6A00E433D8 /* ApiEndPoints.swift */; };
		2D3B4ACC29D4BF6A00E433D8 /* APIManager.swift in Sources */ = {isa = PBXBuildFile; fileRef = 2D3B4AC529D4BF6A00E433D8 /* APIManager.swift */; };
		2D3B4ACD29D4BF6A00E433D8 /* ApiActions.swift in Sources */ = {isa = PBXBuildFile; fileRef = 2D3B4AC629D4BF6A00E433D8 /* ApiActions.swift */; };
		2D3B4ACE29D4BF6A00E433D8 /* ApiResponse.swift in Sources */ = {isa = PBXBuildFile; fileRef = 2D3B4AC829D4BF6A00E433D8 /* ApiResponse.swift */; };
		2D3B4ACF29D4BF6A00E433D8 /* DecodableDefault.swift in Sources */ = {isa = PBXBuildFile; fileRef = 2D3B4AC929D4BF6A00E433D8 /* DecodableDefault.swift */; };
		2D3B4AD129D4BF8600E433D8 /* GoogleService-Info.plist in Resources */ = {isa = PBXBuildFile; fileRef = 2D3B4AD029D4BF8600E433D8 /* GoogleService-Info.plist */; };
		2D3B4AD329D4C02700E433D8 /* LaunchScreen.storyboard in Resources */ = {isa = PBXBuildFile; fileRef = 2D3B4AD229D4C02700E433D8 /* LaunchScreen.storyboard */; };
		2D3B4AF429D4C05800E433D8 /* Colors.xcassets in Resources */ = {isa = PBXBuildFile; fileRef = 2D3B4AD529D4C05800E433D8 /* Colors.xcassets */; };
		2D3B4AF529D4C05800E433D8 /* Assets.xcassets in Resources */ = {isa = PBXBuildFile; fileRef = 2D3B4AD629D4C05800E433D8 /* Assets.xcassets */; };
		2D3B4AF629D4C05800E433D8 /* RoxboroughCF-Heavy.otf in Resources */ = {isa = PBXBuildFile; fileRef = 2D3B4AD929D4C05800E433D8 /* RoxboroughCF-Heavy.otf */; };
		2D3B4AF729D4C05800E433D8 /* RoxboroughCF-Bold.otf in Resources */ = {isa = PBXBuildFile; fileRef = 2D3B4ADA29D4C05800E433D8 /* RoxboroughCF-Bold.otf */; };
		2D3B4AF829D4C05800E433D8 /* RoxboroughCF-Thin.otf in Resources */ = {isa = PBXBuildFile; fileRef = 2D3B4ADB29D4C05800E433D8 /* RoxboroughCF-Thin.otf */; };
		2D3B4AF929D4C05800E433D8 /* RoxboroughCF-Medium.otf in Resources */ = {isa = PBXBuildFile; fileRef = 2D3B4ADC29D4C05800E433D8 /* RoxboroughCF-Medium.otf */; };
		2D3B4AFA29D4C05800E433D8 /* RoxboroughCF-Light.otf in Resources */ = {isa = PBXBuildFile; fileRef = 2D3B4ADD29D4C05800E433D8 /* RoxboroughCF-Light.otf */; };
		2D3B4AFB29D4C05800E433D8 /* RoxboroughCF-DemiBold.otf in Resources */ = {isa = PBXBuildFile; fileRef = 2D3B4ADE29D4C05800E433D8 /* RoxboroughCF-DemiBold.otf */; };
		2D3B4AFC29D4C05800E433D8 /* RoxboroughCF-ExtraBold.otf in Resources */ = {isa = PBXBuildFile; fileRef = 2D3B4ADF29D4C05800E433D8 /* RoxboroughCF-ExtraBold.otf */; };
		2D3B4AFD29D4C05800E433D8 /* RoxboroughCF-Regular.otf in Resources */ = {isa = PBXBuildFile; fileRef = 2D3B4AE029D4C05800E433D8 /* RoxboroughCF-Regular.otf */; };
		2D3B4AFE29D4C05800E433D8 /* ProximaNova-Thin.otf in Resources */ = {isa = PBXBuildFile; fileRef = 2D3B4AE229D4C05800E433D8 /* ProximaNova-Thin.otf */; };
		2D3B4AFF29D4C05800E433D8 /* ProximaNova-Light.otf in Resources */ = {isa = PBXBuildFile; fileRef = 2D3B4AE329D4C05800E433D8 /* ProximaNova-Light.otf */; };
		2D3B4B0029D4C05800E433D8 /* ProximaNova-Semibold.otf in Resources */ = {isa = PBXBuildFile; fileRef = 2D3B4AE429D4C05800E433D8 /* ProximaNova-Semibold.otf */; };
		2D3B4B0129D4C05800E433D8 /* ProximaNova-Bold.otf in Resources */ = {isa = PBXBuildFile; fileRef = 2D3B4AE529D4C05800E433D8 /* ProximaNova-Bold.otf */; };
		2D3B4B0229D4C05800E433D8 /* ProximaNova-Medium.otf in Resources */ = {isa = PBXBuildFile; fileRef = 2D3B4AE629D4C05800E433D8 /* ProximaNova-Medium.otf */; };
		2D3B4B0329D4C05800E433D8 /* ProximaNova-Black.otf in Resources */ = {isa = PBXBuildFile; fileRef = 2D3B4AE729D4C05800E433D8 /* ProximaNova-Black.otf */; };
		2D3B4B0429D4C05800E433D8 /* ProximaNova-Regular.otf in Resources */ = {isa = PBXBuildFile; fileRef = 2D3B4AE829D4C05800E433D8 /* ProximaNova-Regular.otf */; };
		2D3B4B0529D4C05800E433D8 /* Poppins-ExtraLight.ttf in Resources */ = {isa = PBXBuildFile; fileRef = 2D3B4AEA29D4C05800E433D8 /* Poppins-ExtraLight.ttf */; };
		2D3B4B0629D4C05800E433D8 /* Poppins-Light.ttf in Resources */ = {isa = PBXBuildFile; fileRef = 2D3B4AEB29D4C05800E433D8 /* Poppins-Light.ttf */; };
		2D3B4B0729D4C05800E433D8 /* Poppins-Medium.ttf in Resources */ = {isa = PBXBuildFile; fileRef = 2D3B4AEC29D4C05800E433D8 /* Poppins-Medium.ttf */; };
		2D3B4B0829D4C05800E433D8 /* Poppins-ExtraBold.ttf in Resources */ = {isa = PBXBuildFile; fileRef = 2D3B4AED29D4C05800E433D8 /* Poppins-ExtraBold.ttf */; };
		2D3B4B0929D4C05800E433D8 /* Poppins-Regular.ttf in Resources */ = {isa = PBXBuildFile; fileRef = 2D3B4AEE29D4C05800E433D8 /* Poppins-Regular.ttf */; };
		2D3B4B0A29D4C05800E433D8 /* Poppins-Bold.ttf in Resources */ = {isa = PBXBuildFile; fileRef = 2D3B4AEF29D4C05800E433D8 /* Poppins-Bold.ttf */; };
		2D3B4B0B29D4C05800E433D8 /* Poppins-Black.ttf in Resources */ = {isa = PBXBuildFile; fileRef = 2D3B4AF029D4C05800E433D8 /* Poppins-Black.ttf */; };
		2D3B4B0C29D4C05800E433D8 /* Poppins-Thin.ttf in Resources */ = {isa = PBXBuildFile; fileRef = 2D3B4AF129D4C05800E433D8 /* Poppins-Thin.ttf */; };
		2D3B4B0D29D4C05800E433D8 /* Poppins-SemiBold.ttf in Resources */ = {isa = PBXBuildFile; fileRef = 2D3B4AF229D4C05800E433D8 /* Poppins-SemiBold.ttf */; };
		2D3B4B0E29D4C05800E433D8 /* Poppins-Italic.ttf in Resources */ = {isa = PBXBuildFile; fileRef = 2D3B4AF329D4C05800E433D8 /* Poppins-Italic.ttf */; };
		2D3B4B2129D4C06500E433D8 /* CheckBoxButton.swift in Sources */ = {isa = PBXBuildFile; fileRef = 2D3B4B1029D4C06500E433D8 /* CheckBoxButton.swift */; };
		2D3B4B2229D4C06500E433D8 /* Swizzle.swift in Sources */ = {isa = PBXBuildFile; fileRef = 2D3B4B1129D4C06500E433D8 /* Swizzle.swift */; };
		2D3B4B2329D4C06500E433D8 /* CustomAlerts.swift in Sources */ = {isa = PBXBuildFile; fileRef = 2D3B4B1229D4C06500E433D8 /* CustomAlerts.swift */; };
		2D3B4B2429D4C06500E433D8 /* UserDefaultsHelper.swift in Sources */ = {isa = PBXBuildFile; fileRef = 2D3B4B1329D4C06500E433D8 /* UserDefaultsHelper.swift */; };
		2D3B4B2529D4C06500E433D8 /* ScreenManager.swift in Sources */ = {isa = PBXBuildFile; fileRef = 2D3B4B1429D4C06500E433D8 /* ScreenManager.swift */; };
		2D3B4B2629D4C06500E433D8 /* GlobalPrint.swift in Sources */ = {isa = PBXBuildFile; fileRef = 2D3B4B1529D4C06500E433D8 /* GlobalPrint.swift */; };
		2D3B4B2729D4C06500E433D8 /* AppOrientation.swift in Sources */ = {isa = PBXBuildFile; fileRef = 2D3B4B1629D4C06500E433D8 /* AppOrientation.swift */; };
		2D3B4B2829D4C06500E433D8 /* NoDataView.swift in Sources */ = {isa = PBXBuildFile; fileRef = 2D3B4B1829D4C06500E433D8 /* NoDataView.swift */; };
		2D3B4B2929D4C06500E433D8 /* NoDataView.xib in Resources */ = {isa = PBXBuildFile; fileRef = 2D3B4B1929D4C06500E433D8 /* NoDataView.xib */; };
		2D3B4B2A29D4C06500E433D8 /* PushNotifications.swift in Sources */ = {isa = PBXBuildFile; fileRef = 2D3B4B1A29D4C06500E433D8 /* PushNotifications.swift */; };
		2D3B4B2B29D4C06500E433D8 /* AppSingleton.swift in Sources */ = {isa = PBXBuildFile; fileRef = 2D3B4B1B29D4C06500E433D8 /* AppSingleton.swift */; };
		2D3B4B2C29D4C06500E433D8 /* AppUtility.swift in Sources */ = {isa = PBXBuildFile; fileRef = 2D3B4B1C29D4C06500E433D8 /* AppUtility.swift */; };
		2D3B4B2D29D4C06500E433D8 /* ProgressHUD.swift in Sources */ = {isa = PBXBuildFile; fileRef = 2D3B4B1D29D4C06500E433D8 /* ProgressHUD.swift */; };
		2D3B4B2E29D4C06500E433D8 /* BackspaceTextField.swift in Sources */ = {isa = PBXBuildFile; fileRef = 2D3B4B1E29D4C06500E433D8 /* BackspaceTextField.swift */; };
		2D3B4B2F29D4C06500E433D8 /* Observable.swift in Sources */ = {isa = PBXBuildFile; fileRef = 2D3B4B1F29D4C06500E433D8 /* Observable.swift */; };
		2D3B4B3029D4C06500E433D8 /* AppFont.swift in Sources */ = {isa = PBXBuildFile; fileRef = 2D3B4B2029D4C06500E433D8 /* AppFont.swift */; };
		2D60979B2A4D94C8004D1ED1 /* EnumModel.swift in Sources */ = {isa = PBXBuildFile; fileRef = 2D60979A2A4D94C8004D1ED1 /* EnumModel.swift */; };
		2D64B6CD29D4B1E0000CBDB8 /* AppDelegate.swift in Sources */ = {isa = PBXBuildFile; fileRef = 2D64B6CC29D4B1E0000CBDB8 /* AppDelegate.swift */; };
		2D64B6CF29D4B1E0000CBDB8 /* SceneDelegate.swift in Sources */ = {isa = PBXBuildFile; fileRef = 2D64B6CE29D4B1E0000CBDB8 /* SceneDelegate.swift */; };
		2D64B6D129D4B1E0000CBDB8 /* BaseViewController.swift in Sources */ = {isa = PBXBuildFile; fileRef = 2D64B6D029D4B1E0000CBDB8 /* BaseViewController.swift */; };
		2D6E7D612A0C0FE700A7BD3B /* TbvCell.swift in Sources */ = {isa = PBXBuildFile; fileRef = 2D6E7D5B2A0C0FE700A7BD3B /* TbvCell.swift */; };
		2D6E7D622A0C0FE700A7BD3B /* TableviewVC.swift in Sources */ = {isa = PBXBuildFile; fileRef = 2D6E7D5C2A0C0FE700A7BD3B /* TableviewVC.swift */; };
		2D6E7D632A0C0FE700A7BD3B /* TbvModel.swift in Sources */ = {isa = PBXBuildFile; fileRef = 2D6E7D5E2A0C0FE700A7BD3B /* TbvModel.swift */; };
		2D6E7D642A0C0FE700A7BD3B /* TableviewSB.storyboard in Resources */ = {isa = PBXBuildFile; fileRef = 2D6E7D602A0C0FE700A7BD3B /* TableviewSB.storyboard */; };
		2D6E7D6A2A0C101F00A7BD3B /* TextFieldVC.swift in Sources */ = {isa = PBXBuildFile; fileRef = 2D6E7D672A0C101F00A7BD3B /* TextFieldVC.swift */; };
		2D6E7D6B2A0C101F00A7BD3B /* TextfieldSB.storyboard in Resources */ = {isa = PBXBuildFile; fileRef = 2D6E7D692A0C101F00A7BD3B /* TextfieldSB.storyboard */; };
		2D6E814C2A67C63000F6E33E /* SampleActions.swift in Sources */ = {isa = PBXBuildFile; fileRef = 2D6E814B2A67C63000F6E33E /* SampleActions.swift */; };
		2D6E814E2A67C65700F6E33E /* CommonActions.swift in Sources */ = {isa = PBXBuildFile; fileRef = 2D6E814D2A67C65700F6E33E /* CommonActions.swift */; };
		2D6E81532A67C82200F6E33E /* ScrollViewSB.storyboard in Resources */ = {isa = PBXBuildFile; fileRef = 2D6E81522A67C82200F6E33E /* ScrollViewSB.storyboard */; };
		2D6E81552A67C83600F6E33E /* ScrollViewVC.swift in Sources */ = {isa = PBXBuildFile; fileRef = 2D6E81542A67C83600F6E33E /* ScrollViewVC.swift */; };
		2D89A8422A8A0043008A2CFB /* RestAPIVC.swift in Sources */ = {isa = PBXBuildFile; fileRef = 2D89A8412A8A0043008A2CFB /* RestAPIVC.swift */; };
		2D89A8442A8A006F008A2CFB /* RestAPISB.storyboard in Resources */ = {isa = PBXBuildFile; fileRef = 2D89A8432A8A006F008A2CFB /* RestAPISB.storyboard */; };
		2D89A8462A8A07C8008A2CFB /* LoginResponseModel.swift in Sources */ = {isa = PBXBuildFile; fileRef = 2D89A8452A8A07C8008A2CFB /* LoginResponseModel.swift */; };
		2D89A8482A8A1628008A2CFB /* LoginRequestModel.swift in Sources */ = {isa = PBXBuildFile; fileRef = 2D89A8472A8A1628008A2CFB /* LoginRequestModel.swift */; };
		2D89A84C2A8A3949008A2CFB /* BottomBar.swift in Sources */ = {isa = PBXBuildFile; fileRef = 2D89A84A2A8A3949008A2CFB /* BottomBar.swift */; };
		2D89A84D2A8A3949008A2CFB /* BottomBar.xib in Resources */ = {isa = PBXBuildFile; fileRef = 2D89A84B2A8A3949008A2CFB /* BottomBar.xib */; };
		2D8A9E6F2B47032800F05863 /* CalendarVC.swift in Sources */ = {isa = PBXBuildFile; fileRef = 2D8A9E6E2B47032800F05863 /* CalendarVC.swift */; };
		2D8A9E712B47034E00F05863 /* CalendarSB.storyboard in Resources */ = {isa = PBXBuildFile; fileRef = 2D8A9E702B47034E00F05863 /* CalendarSB.storyboard */; };
		2D8A9E732B47038900F05863 /* CalendarManager.swift in Sources */ = {isa = PBXBuildFile; fileRef = 2D8A9E722B47038900F05863 /* CalendarManager.swift */; };
		2D974DA22A36F9710081D369 /* OpenSans-SemiBold.ttf in Resources */ = {isa = PBXBuildFile; fileRef = 2D974D932A36F9710081D369 /* OpenSans-SemiBold.ttf */; };
		2D974DA32A36F9710081D369 /* OpenSans-Light.ttf in Resources */ = {isa = PBXBuildFile; fileRef = 2D974D942A36F9710081D369 /* OpenSans-Light.ttf */; };
		2D974DA42A36F9710081D369 /* OpenSans-Italic.ttf in Resources */ = {isa = PBXBuildFile; fileRef = 2D974D952A36F9710081D369 /* OpenSans-Italic.ttf */; };
		2D974DA52A36F9710081D369 /* OpenSans-ExtraBold.ttf in Resources */ = {isa = PBXBuildFile; fileRef = 2D974D962A36F9710081D369 /* OpenSans-ExtraBold.ttf */; };
		2D974DA62A36F9710081D369 /* OpenSans-Bold.ttf in Resources */ = {isa = PBXBuildFile; fileRef = 2D974D972A36F9710081D369 /* OpenSans-Bold.ttf */; };
		2D974DA72A36F9710081D369 /* OpenSans-Medium.ttf in Resources */ = {isa = PBXBuildFile; fileRef = 2D974D982A36F9710081D369 /* OpenSans-Medium.ttf */; };
		2D974DA82A36F9710081D369 /* OpenSans-Regular.ttf in Resources */ = {isa = PBXBuildFile; fileRef = 2D974D992A36F9710081D369 /* OpenSans-Regular.ttf */; };
		2D974DA92A36F9710081D369 /* Roboto-Medium.ttf in Resources */ = {isa = PBXBuildFile; fileRef = 2D974D9B2A36F9710081D369 /* Roboto-Medium.ttf */; };
		2D974DAA2A36F9710081D369 /* Roboto-Light.ttf in Resources */ = {isa = PBXBuildFile; fileRef = 2D974D9C2A36F9710081D369 /* Roboto-Light.ttf */; };
		2D974DAB2A36F9710081D369 /* Roboto-Regular.ttf in Resources */ = {isa = PBXBuildFile; fileRef = 2D974D9D2A36F9710081D369 /* Roboto-Regular.ttf */; };
		2D974DAC2A36F9710081D369 /* Roboto-Italic.ttf in Resources */ = {isa = PBXBuildFile; fileRef = 2D974D9E2A36F9710081D369 /* Roboto-Italic.ttf */; };
		2D974DAD2A36F9710081D369 /* Roboto-Bold.ttf in Resources */ = {isa = PBXBuildFile; fileRef = 2D974D9F2A36F9710081D369 /* Roboto-Bold.ttf */; };
		2D974DAE2A36F9710081D369 /* Roboto-Thin.ttf in Resources */ = {isa = PBXBuildFile; fileRef = 2D974DA02A36F9710081D369 /* Roboto-Thin.ttf */; };
		2D974DAF2A36F9710081D369 /* Roboto-Black.ttf in Resources */ = {isa = PBXBuildFile; fileRef = 2D974DA12A36F9710081D369 /* Roboto-Black.ttf */; };
		2D9E451F2B28382B00A188AD /* DoubleExtensions.swift in Sources */ = {isa = PBXBuildFile; fileRef = 2D9E451E2B28382B00A188AD /* DoubleExtensions.swift */; };
		2DBD52912A1646FE003F83BF /* CheckBoxVC.swift in Sources */ = {isa = PBXBuildFile; fileRef = 2DBD52902A1646FE003F83BF /* CheckBoxVC.swift */; };
		2DBD52932A16472A003F83BF /* CheckBoxSB.storyboard in Resources */ = {isa = PBXBuildFile; fileRef = 2DBD52922A16472A003F83BF /* CheckBoxSB.storyboard */; };
		2DCFAF382A0F744300E6986C /* CollectionViewVC.swift in Sources */ = {isa = PBXBuildFile; fileRef = 2DCFAF372A0F744300E6986C /* CollectionViewVC.swift */; };
		2DCFAF3A2A0F748E00E6986C /* CollcViewModel.swift in Sources */ = {isa = PBXBuildFile; fileRef = 2DCFAF392A0F748E00E6986C /* CollcViewModel.swift */; };
		2DCFAF3D2A0F758200E6986C /* CollcViewCell.swift in Sources */ = {isa = PBXBuildFile; fileRef = 2DCFAF3C2A0F758200E6986C /* CollcViewCell.swift */; };
		2DCFAF3F2A0F760600E6986C /* UICollectionViewExtensions.swift in Sources */ = {isa = PBXBuildFile; fileRef = 2DCFAF3E2A0F760600E6986C /* UICollectionViewExtensions.swift */; };
		2DCFAF412A0F771000E6986C /* CollectionViewSB.storyboard in Resources */ = {isa = PBXBuildFile; fileRef = 2DCFAF402A0F771000E6986C /* CollectionViewSB.storyboard */; };
		2DD951162A177AE500A0AF8E /* EnumSB.storyboard in Resources */ = {isa = PBXBuildFile; fileRef = 2DD951152A177AE500A0AF8E /* EnumSB.storyboard */; };
		2DD951182A177B0500A0AF8E /* EnumVC.swift in Sources */ = {isa = PBXBuildFile; fileRef = 2DD951172A177B0500A0AF8E /* EnumVC.swift */; };
		2DE612D12B34B5D000C47137 /* DateHelper.swift in Sources */ = {isa = PBXBuildFile; fileRef = 2DE612D02B34B5D000C47137 /* DateHelper.swift */; };
		2DE6206F2AE0C8AE00772B9B /* ContainerViewSB.storyboard in Resources */ = {isa = PBXBuildFile; fileRef = 2DE6206E2AE0C8AE00772B9B /* ContainerViewSB.storyboard */; };
		2DE620712AE0C8C600772B9B /* ParentVC.swift in Sources */ = {isa = PBXBuildFile; fileRef = 2DE620702AE0C8C600772B9B /* ParentVC.swift */; };
		2DE620732AE0C93500772B9B /* ChildVC.swift in Sources */ = {isa = PBXBuildFile; fileRef = 2DE620722AE0C93500772B9B /* ChildVC.swift */; };
		2DEF9ACA2B31BAF600960995 /* NetworkMonitoring.swift in Sources */ = {isa = PBXBuildFile; fileRef = 2DEF9AC92B31BAF600960995 /* NetworkMonitoring.swift */; };
		7FB917D7882B8C2E085D2BFF /* Pods_Scrive.framework in Frameworks */ = {isa = PBXBuildFile; fileRef = 39F76732EE737779F8110F72 /* Pods_Scrive.framework */; };
		F32CA4442B6BDC9F00B26A2D /* CustomizedButton.swift in Sources */ = {isa = PBXBuildFile; fileRef = F32CA4432B6BDC9F00B26A2D /* CustomizedButton.swift */; };
		F32CA4572B6C099D00B26A2D /* SubMenuData.swift in Sources */ = {isa = PBXBuildFile; fileRef = F32CA4562B6C099D00B26A2D /* SubMenuData.swift */; };
		F32CA45B2B6C0A5C00B26A2D /* SubMenuSB.storyboard in Resources */ = {isa = PBXBuildFile; fileRef = F32CA45A2B6C0A5B00B26A2D /* SubMenuSB.storyboard */; };
		F32CA45F2B6C0AD700B26A2D /* SubMenuTbvCell.swift in Sources */ = {isa = PBXBuildFile; fileRef = F32CA45E2B6C0AD700B26A2D /* SubMenuTbvCell.swift */; };
		F32CA4612B6C0B2300B26A2D /* SubMenuVC.swift in Sources */ = {isa = PBXBuildFile; fileRef = F32CA4602B6C0B2300B26A2D /* SubMenuVC.swift */; };
		F32CA4682B6C106C00B26A2D /* ExpandableData.swift in Sources */ = {isa = PBXBuildFile; fileRef = F32CA4652B6C106C00B26A2D /* ExpandableData.swift */; };
		F32CA4692B6C106C00B26A2D /* RowModel.swift in Sources */ = {isa = PBXBuildFile; fileRef = F32CA4662B6C106C00B26A2D /* RowModel.swift */; };
		F32CA46A2B6C106C00B26A2D /* SectionModel.swift in Sources */ = {isa = PBXBuildFile; fileRef = F32CA4672B6C106C00B26A2D /* SectionModel.swift */; };
		F32CA46C2B6C109000B26A2D /* ExpandableSB.storyboard in Resources */ = {isa = PBXBuildFile; fileRef = F32CA46B2B6C109000B26A2D /* ExpandableSB.storyboard */; };
		F32CA46E2B6C10BC00B26A2D /* ExpandableVC.swift in Sources */ = {isa = PBXBuildFile; fileRef = F32CA46D2B6C10BC00B26A2D /* ExpandableVC.swift */; };
		F34584772BAAC475009F68F3 /* LocationSB.storyboard in Resources */ = {isa = PBXBuildFile; fileRef = F34584762BAAC475009F68F3 /* LocationSB.storyboard */; };
		F34584792BAAC499009F68F3 /* LocationVC.swift in Sources */ = {isa = PBXBuildFile; fileRef = F34584782BAAC499009F68F3 /* LocationVC.swift */; };
		F345847B2BAAC5D9009F68F3 /* LocationManager.swift in Sources */ = {isa = PBXBuildFile; fileRef = F345847A2BAAC5D9009F68F3 /* LocationManager.swift */; };
		F3C7A1452B71BF3C00144171 /* ExpandableTbvCell.swift in Sources */ = {isa = PBXBuildFile; fileRef = F3C7A1442B71BF3C00144171 /* ExpandableTbvCell.swift */; };
		F3C7A1472B71C09C00144171 /* ExpandableHeaderTbvCell.swift in Sources */ = {isa = PBXBuildFile; fileRef = F3C7A1462B71C09C00144171 /* ExpandableHeaderTbvCell.swift */; };
/* End PBXBuildFile section */

/* Begin PBXFileReference section */
		2D041BF629DFFF9900234843 /* UITextFieldExtensions.swift */ = {isa = PBXFileReference; lastKnownFileType = sourcecode.swift; path = UITextFieldExtensions.swift; sourceTree = "<group>"; };
		2D3B4A7E29D4BE1200E433D8 /* ReadMe */ = {isa = PBXFileReference; fileEncoding = 4; lastKnownFileType = text; path = ReadMe; sourceTree = "<group>"; };
		2D3B4A8429D4BF4500E433D8 /* HomeTbvCell.swift */ = {isa = PBXFileReference; fileEncoding = 4; lastKnownFileType = sourcecode.swift; path = HomeTbvCell.swift; sourceTree = "<group>"; };
		2D3B4A8529D4BF4500E433D8 /* HomeVC.swift */ = {isa = PBXFileReference; fileEncoding = 4; lastKnownFileType = sourcecode.swift; path = HomeVC.swift; sourceTree = "<group>"; };
		2D3B4A8729D4BF4500E433D8 /* HomeData.swift */ = {isa = PBXFileReference; fileEncoding = 4; lastKnownFileType = sourcecode.swift; path = HomeData.swift; sourceTree = "<group>"; };
		2D3B4A8929D4BF4500E433D8 /* HomeSB.storyboard */ = {isa = PBXFileReference; fileEncoding = 4; lastKnownFileType = file.storyboard; path = HomeSB.storyboard; sourceTree = "<group>"; };
		2D3B4A9529D4BF4500E433D8 /* WKWebVC.swift */ = {isa = PBXFileReference; fileEncoding = 4; lastKnownFileType = sourcecode.swift; path = WKWebVC.swift; sourceTree = "<group>"; };
		2D3B4A9729D4BF4500E433D8 /* WKWebModel.swift */ = {isa = PBXFileReference; fileEncoding = 4; lastKnownFileType = sourcecode.swift; path = WKWebModel.swift; sourceTree = "<group>"; };
		2D3B4A9929D4BF4500E433D8 /* WKWebSB.storyboard */ = {isa = PBXFileReference; fileEncoding = 4; lastKnownFileType = file.storyboard; path = WKWebSB.storyboard; sourceTree = "<group>"; };
		2D3B4A9B29D4BF4500E433D8 /* NavController.swift */ = {isa = PBXFileReference; fileEncoding = 4; lastKnownFileType = sourcecode.swift; path = NavController.swift; sourceTree = "<group>"; };
		2D3B4A9D29D4BF4500E433D8 /* TopBar.xib */ = {isa = PBXFileReference; fileEncoding = 4; lastKnownFileType = file.xib; path = TopBar.xib; sourceTree = "<group>"; };
		2D3B4A9E29D4BF4500E433D8 /* TopBar.swift */ = {isa = PBXFileReference; fileEncoding = 4; lastKnownFileType = sourcecode.swift; path = TopBar.swift; sourceTree = "<group>"; };
		2D3B4AAF29D4BF5400E433D8 /* UITableViewExtensions.swift */ = {isa = PBXFileReference; fileEncoding = 4; lastKnownFileType = sourcecode.swift; path = UITableViewExtensions.swift; sourceTree = "<group>"; };
		2D3B4AB029D4BF5400E433D8 /* StringExtensions.swift */ = {isa = PBXFileReference; fileEncoding = 4; lastKnownFileType = sourcecode.swift; path = StringExtensions.swift; sourceTree = "<group>"; };
		2D3B4AB129D4BF5400E433D8 /* WKWebViewExtensions.swift */ = {isa = PBXFileReference; fileEncoding = 4; lastKnownFileType = sourcecode.swift; path = WKWebViewExtensions.swift; sourceTree = "<group>"; };
		2D3B4AB229D4BF5400E433D8 /* UIViewControllerExtensions.swift */ = {isa = PBXFileReference; fileEncoding = 4; lastKnownFileType = sourcecode.swift; path = UIViewControllerExtensions.swift; sourceTree = "<group>"; };
		2D3B4AB329D4BF5400E433D8 /* UIViewExtensions.swift */ = {isa = PBXFileReference; fileEncoding = 4; lastKnownFileType = sourcecode.swift; path = UIViewExtensions.swift; sourceTree = "<group>"; };
		2D3B4AB429D4BF5400E433D8 /* UILabelExtensions.swift */ = {isa = PBXFileReference; fileEncoding = 4; lastKnownFileType = sourcecode.swift; path = UILabelExtensions.swift; sourceTree = "<group>"; };
		2D3B4AB529D4BF5400E433D8 /* UIButtonExtensions.swift */ = {isa = PBXFileReference; fileEncoding = 4; lastKnownFileType = sourcecode.swift; path = UIButtonExtensions.swift; sourceTree = "<group>"; };
		2D3B4AB629D4BF5400E433D8 /* NSObjectExtensions.swift */ = {isa = PBXFileReference; fileEncoding = 4; lastKnownFileType = sourcecode.swift; path = NSObjectExtensions.swift; sourceTree = "<group>"; };
		2D3B4AB729D4BF5400E433D8 /* UIColorExtensions.swift */ = {isa = PBXFileReference; fileEncoding = 4; lastKnownFileType = sourcecode.swift; path = UIColorExtensions.swift; sourceTree = "<group>"; };
		2D3B4AC329D4BF6A00E433D8 /* ApiConstants.swift */ = {isa = PBXFileReference; fileEncoding = 4; lastKnownFileType = sourcecode.swift; path = ApiConstants.swift; sourceTree = "<group>"; };
		2D3B4AC429D4BF6A00E433D8 /* ApiEndPoints.swift */ = {isa = PBXFileReference; fileEncoding = 4; lastKnownFileType = sourcecode.swift; path = ApiEndPoints.swift; sourceTree = "<group>"; };
		2D3B4AC529D4BF6A00E433D8 /* APIManager.swift */ = {isa = PBXFileReference; fileEncoding = 4; lastKnownFileType = sourcecode.swift; path = APIManager.swift; sourceTree = "<group>"; };
		2D3B4AC629D4BF6A00E433D8 /* ApiActions.swift */ = {isa = PBXFileReference; fileEncoding = 4; lastKnownFileType = sourcecode.swift; path = ApiActions.swift; sourceTree = "<group>"; };
		2D3B4AC829D4BF6A00E433D8 /* ApiResponse.swift */ = {isa = PBXFileReference; fileEncoding = 4; lastKnownFileType = sourcecode.swift; path = ApiResponse.swift; sourceTree = "<group>"; };
		2D3B4AC929D4BF6A00E433D8 /* DecodableDefault.swift */ = {isa = PBXFileReference; fileEncoding = 4; lastKnownFileType = sourcecode.swift; path = DecodableDefault.swift; sourceTree = "<group>"; };
		2D3B4AD029D4BF8600E433D8 /* GoogleService-Info.plist */ = {isa = PBXFileReference; fileEncoding = 4; lastKnownFileType = text.plist.xml; path = "GoogleService-Info.plist"; sourceTree = "<group>"; };
		2D3B4AD229D4C02700E433D8 /* LaunchScreen.storyboard */ = {isa = PBXFileReference; fileEncoding = 4; lastKnownFileType = file.storyboard; path = LaunchScreen.storyboard; sourceTree = "<group>"; };
		2D3B4AD529D4C05800E433D8 /* Colors.xcassets */ = {isa = PBXFileReference; lastKnownFileType = folder.assetcatalog; path = Colors.xcassets; sourceTree = "<group>"; };
		2D3B4AD629D4C05800E433D8 /* Assets.xcassets */ = {isa = PBXFileReference; lastKnownFileType = folder.assetcatalog; path = Assets.xcassets; sourceTree = "<group>"; };
		2D3B4AD929D4C05800E433D8 /* RoxboroughCF-Heavy.otf */ = {isa = PBXFileReference; lastKnownFileType = file; path = "RoxboroughCF-Heavy.otf"; sourceTree = "<group>"; };
		2D3B4ADA29D4C05800E433D8 /* RoxboroughCF-Bold.otf */ = {isa = PBXFileReference; lastKnownFileType = file; path = "RoxboroughCF-Bold.otf"; sourceTree = "<group>"; };
		2D3B4ADB29D4C05800E433D8 /* RoxboroughCF-Thin.otf */ = {isa = PBXFileReference; lastKnownFileType = file; path = "RoxboroughCF-Thin.otf"; sourceTree = "<group>"; };
		2D3B4ADC29D4C05800E433D8 /* RoxboroughCF-Medium.otf */ = {isa = PBXFileReference; lastKnownFileType = file; path = "RoxboroughCF-Medium.otf"; sourceTree = "<group>"; };
		2D3B4ADD29D4C05800E433D8 /* RoxboroughCF-Light.otf */ = {isa = PBXFileReference; lastKnownFileType = file; path = "RoxboroughCF-Light.otf"; sourceTree = "<group>"; };
		2D3B4ADE29D4C05800E433D8 /* RoxboroughCF-DemiBold.otf */ = {isa = PBXFileReference; lastKnownFileType = file; path = "RoxboroughCF-DemiBold.otf"; sourceTree = "<group>"; };
		2D3B4ADF29D4C05800E433D8 /* RoxboroughCF-ExtraBold.otf */ = {isa = PBXFileReference; lastKnownFileType = file; path = "RoxboroughCF-ExtraBold.otf"; sourceTree = "<group>"; };
		2D3B4AE029D4C05800E433D8 /* RoxboroughCF-Regular.otf */ = {isa = PBXFileReference; lastKnownFileType = file; path = "RoxboroughCF-Regular.otf"; sourceTree = "<group>"; };
		2D3B4AE229D4C05800E433D8 /* ProximaNova-Thin.otf */ = {isa = PBXFileReference; lastKnownFileType = file; path = "ProximaNova-Thin.otf"; sourceTree = "<group>"; };
		2D3B4AE329D4C05800E433D8 /* ProximaNova-Light.otf */ = {isa = PBXFileReference; lastKnownFileType = file; path = "ProximaNova-Light.otf"; sourceTree = "<group>"; };
		2D3B4AE429D4C05800E433D8 /* ProximaNova-Semibold.otf */ = {isa = PBXFileReference; lastKnownFileType = file; path = "ProximaNova-Semibold.otf"; sourceTree = "<group>"; };
		2D3B4AE529D4C05800E433D8 /* ProximaNova-Bold.otf */ = {isa = PBXFileReference; lastKnownFileType = file; path = "ProximaNova-Bold.otf"; sourceTree = "<group>"; };
		2D3B4AE629D4C05800E433D8 /* ProximaNova-Medium.otf */ = {isa = PBXFileReference; lastKnownFileType = file; path = "ProximaNova-Medium.otf"; sourceTree = "<group>"; };
		2D3B4AE729D4C05800E433D8 /* ProximaNova-Black.otf */ = {isa = PBXFileReference; lastKnownFileType = file; path = "ProximaNova-Black.otf"; sourceTree = "<group>"; };
		2D3B4AE829D4C05800E433D8 /* ProximaNova-Regular.otf */ = {isa = PBXFileReference; lastKnownFileType = file; path = "ProximaNova-Regular.otf"; sourceTree = "<group>"; };
		2D3B4AEA29D4C05800E433D8 /* Poppins-ExtraLight.ttf */ = {isa = PBXFileReference; lastKnownFileType = file; path = "Poppins-ExtraLight.ttf"; sourceTree = "<group>"; };
		2D3B4AEB29D4C05800E433D8 /* Poppins-Light.ttf */ = {isa = PBXFileReference; lastKnownFileType = file; path = "Poppins-Light.ttf"; sourceTree = "<group>"; };
		2D3B4AEC29D4C05800E433D8 /* Poppins-Medium.ttf */ = {isa = PBXFileReference; lastKnownFileType = file; path = "Poppins-Medium.ttf"; sourceTree = "<group>"; };
		2D3B4AED29D4C05800E433D8 /* Poppins-ExtraBold.ttf */ = {isa = PBXFileReference; lastKnownFileType = file; path = "Poppins-ExtraBold.ttf"; sourceTree = "<group>"; };
		2D3B4AEE29D4C05800E433D8 /* Poppins-Regular.ttf */ = {isa = PBXFileReference; lastKnownFileType = file; path = "Poppins-Regular.ttf"; sourceTree = "<group>"; };
		2D3B4AEF29D4C05800E433D8 /* Poppins-Bold.ttf */ = {isa = PBXFileReference; lastKnownFileType = file; path = "Poppins-Bold.ttf"; sourceTree = "<group>"; };
		2D3B4AF029D4C05800E433D8 /* Poppins-Black.ttf */ = {isa = PBXFileReference; lastKnownFileType = file; path = "Poppins-Black.ttf"; sourceTree = "<group>"; };
		2D3B4AF129D4C05800E433D8 /* Poppins-Thin.ttf */ = {isa = PBXFileReference; lastKnownFileType = file; path = "Poppins-Thin.ttf"; sourceTree = "<group>"; };
		2D3B4AF229D4C05800E433D8 /* Poppins-SemiBold.ttf */ = {isa = PBXFileReference; lastKnownFileType = file; path = "Poppins-SemiBold.ttf"; sourceTree = "<group>"; };
		2D3B4AF329D4C05800E433D8 /* Poppins-Italic.ttf */ = {isa = PBXFileReference; lastKnownFileType = file; path = "Poppins-Italic.ttf"; sourceTree = "<group>"; };
		2D3B4B1029D4C06500E433D8 /* CheckBoxButton.swift */ = {isa = PBXFileReference; fileEncoding = 4; lastKnownFileType = sourcecode.swift; path = CheckBoxButton.swift; sourceTree = "<group>"; };
		2D3B4B1129D4C06500E433D8 /* Swizzle.swift */ = {isa = PBXFileReference; fileEncoding = 4; lastKnownFileType = sourcecode.swift; path = Swizzle.swift; sourceTree = "<group>"; };
		2D3B4B1229D4C06500E433D8 /* CustomAlerts.swift */ = {isa = PBXFileReference; fileEncoding = 4; lastKnownFileType = sourcecode.swift; path = CustomAlerts.swift; sourceTree = "<group>"; };
		2D3B4B1329D4C06500E433D8 /* UserDefaultsHelper.swift */ = {isa = PBXFileReference; fileEncoding = 4; lastKnownFileType = sourcecode.swift; path = UserDefaultsHelper.swift; sourceTree = "<group>"; };
		2D3B4B1429D4C06500E433D8 /* ScreenManager.swift */ = {isa = PBXFileReference; fileEncoding = 4; lastKnownFileType = sourcecode.swift; path = ScreenManager.swift; sourceTree = "<group>"; };
		2D3B4B1529D4C06500E433D8 /* GlobalPrint.swift */ = {isa = PBXFileReference; fileEncoding = 4; lastKnownFileType = sourcecode.swift; path = GlobalPrint.swift; sourceTree = "<group>"; };
		2D3B4B1629D4C06500E433D8 /* AppOrientation.swift */ = {isa = PBXFileReference; fileEncoding = 4; lastKnownFileType = sourcecode.swift; path = AppOrientation.swift; sourceTree = "<group>"; };
		2D3B4B1829D4C06500E433D8 /* NoDataView.swift */ = {isa = PBXFileReference; fileEncoding = 4; lastKnownFileType = sourcecode.swift; path = NoDataView.swift; sourceTree = "<group>"; };
		2D3B4B1929D4C06500E433D8 /* NoDataView.xib */ = {isa = PBXFileReference; fileEncoding = 4; lastKnownFileType = file.xib; path = NoDataView.xib; sourceTree = "<group>"; };
		2D3B4B1A29D4C06500E433D8 /* PushNotifications.swift */ = {isa = PBXFileReference; fileEncoding = 4; lastKnownFileType = sourcecode.swift; path = PushNotifications.swift; sourceTree = "<group>"; };
		2D3B4B1B29D4C06500E433D8 /* AppSingleton.swift */ = {isa = PBXFileReference; fileEncoding = 4; lastKnownFileType = sourcecode.swift; path = AppSingleton.swift; sourceTree = "<group>"; };
		2D3B4B1C29D4C06500E433D8 /* AppUtility.swift */ = {isa = PBXFileReference; fileEncoding = 4; lastKnownFileType = sourcecode.swift; path = AppUtility.swift; sourceTree = "<group>"; };
		2D3B4B1D29D4C06500E433D8 /* ProgressHUD.swift */ = {isa = PBXFileReference; fileEncoding = 4; lastKnownFileType = sourcecode.swift; path = ProgressHUD.swift; sourceTree = "<group>"; };
		2D3B4B1E29D4C06500E433D8 /* BackspaceTextField.swift */ = {isa = PBXFileReference; fileEncoding = 4; lastKnownFileType = sourcecode.swift; path = BackspaceTextField.swift; sourceTree = "<group>"; };
		2D3B4B1F29D4C06500E433D8 /* Observable.swift */ = {isa = PBXFileReference; fileEncoding = 4; lastKnownFileType = sourcecode.swift; path = Observable.swift; sourceTree = "<group>"; };
		2D3B4B2029D4C06500E433D8 /* AppFont.swift */ = {isa = PBXFileReference; fileEncoding = 4; lastKnownFileType = sourcecode.swift; path = AppFont.swift; sourceTree = "<group>"; };
		2D60979A2A4D94C8004D1ED1 /* EnumModel.swift */ = {isa = PBXFileReference; lastKnownFileType = sourcecode.swift; path = EnumModel.swift; sourceTree = "<group>"; };
		2D64B6C929D4B1E0000CBDB8 /* Scrive.app */ = {isa = PBXFileReference; explicitFileType = wrapper.application; includeInIndex = 0; path = Scrive.app; sourceTree = BUILT_PRODUCTS_DIR; };
		2D64B6CC29D4B1E0000CBDB8 /* AppDelegate.swift */ = {isa = PBXFileReference; lastKnownFileType = sourcecode.swift; path = AppDelegate.swift; sourceTree = "<group>"; };
		2D64B6CE29D4B1E0000CBDB8 /* SceneDelegate.swift */ = {isa = PBXFileReference; lastKnownFileType = sourcecode.swift; path = SceneDelegate.swift; sourceTree = "<group>"; };
		2D64B6D029D4B1E0000CBDB8 /* BaseViewController.swift */ = {isa = PBXFileReference; lastKnownFileType = sourcecode.swift; path = BaseViewController.swift; sourceTree = "<group>"; };
		2D64B6DA29D4B1E2000CBDB8 /* Info.plist */ = {isa = PBXFileReference; lastKnownFileType = text.plist.xml; path = Info.plist; sourceTree = "<group>"; };
		2D6E7D5B2A0C0FE700A7BD3B /* TbvCell.swift */ = {isa = PBXFileReference; fileEncoding = 4; lastKnownFileType = sourcecode.swift; path = TbvCell.swift; sourceTree = "<group>"; };
		2D6E7D5C2A0C0FE700A7BD3B /* TableviewVC.swift */ = {isa = PBXFileReference; fileEncoding = 4; lastKnownFileType = sourcecode.swift; path = TableviewVC.swift; sourceTree = "<group>"; };
		2D6E7D5E2A0C0FE700A7BD3B /* TbvModel.swift */ = {isa = PBXFileReference; fileEncoding = 4; lastKnownFileType = sourcecode.swift; path = TbvModel.swift; sourceTree = "<group>"; };
		2D6E7D602A0C0FE700A7BD3B /* TableviewSB.storyboard */ = {isa = PBXFileReference; fileEncoding = 4; lastKnownFileType = file.storyboard; path = TableviewSB.storyboard; sourceTree = "<group>"; };
		2D6E7D672A0C101F00A7BD3B /* TextFieldVC.swift */ = {isa = PBXFileReference; fileEncoding = 4; lastKnownFileType = sourcecode.swift; path = TextFieldVC.swift; sourceTree = "<group>"; };
		2D6E7D692A0C101F00A7BD3B /* TextfieldSB.storyboard */ = {isa = PBXFileReference; fileEncoding = 4; lastKnownFileType = file.storyboard; path = TextfieldSB.storyboard; sourceTree = "<group>"; };
		2D6E814B2A67C63000F6E33E /* SampleActions.swift */ = {isa = PBXFileReference; lastKnownFileType = sourcecode.swift; path = SampleActions.swift; sourceTree = "<group>"; };
		2D6E814D2A67C65700F6E33E /* CommonActions.swift */ = {isa = PBXFileReference; lastKnownFileType = sourcecode.swift; path = CommonActions.swift; sourceTree = "<group>"; };
		2D6E81522A67C82200F6E33E /* ScrollViewSB.storyboard */ = {isa = PBXFileReference; lastKnownFileType = file.storyboard; path = ScrollViewSB.storyboard; sourceTree = "<group>"; };
		2D6E81542A67C83600F6E33E /* ScrollViewVC.swift */ = {isa = PBXFileReference; lastKnownFileType = sourcecode.swift; path = ScrollViewVC.swift; sourceTree = "<group>"; };
		2D89A8412A8A0043008A2CFB /* RestAPIVC.swift */ = {isa = PBXFileReference; lastKnownFileType = sourcecode.swift; path = RestAPIVC.swift; sourceTree = "<group>"; };
		2D89A8432A8A006F008A2CFB /* RestAPISB.storyboard */ = {isa = PBXFileReference; lastKnownFileType = file.storyboard; path = RestAPISB.storyboard; sourceTree = "<group>"; };
		2D89A8452A8A07C8008A2CFB /* LoginResponseModel.swift */ = {isa = PBXFileReference; lastKnownFileType = sourcecode.swift; path = LoginResponseModel.swift; sourceTree = "<group>"; };
		2D89A8472A8A1628008A2CFB /* LoginRequestModel.swift */ = {isa = PBXFileReference; lastKnownFileType = sourcecode.swift; path = LoginRequestModel.swift; sourceTree = "<group>"; };
		2D89A84A2A8A3949008A2CFB /* BottomBar.swift */ = {isa = PBXFileReference; fileEncoding = 4; lastKnownFileType = sourcecode.swift; path = BottomBar.swift; sourceTree = "<group>"; };
		2D89A84B2A8A3949008A2CFB /* BottomBar.xib */ = {isa = PBXFileReference; fileEncoding = 4; lastKnownFileType = file.xib; path = BottomBar.xib; sourceTree = "<group>"; };
		2D8A9E6E2B47032800F05863 /* CalendarVC.swift */ = {isa = PBXFileReference; lastKnownFileType = sourcecode.swift; path = CalendarVC.swift; sourceTree = "<group>"; };
		2D8A9E702B47034E00F05863 /* CalendarSB.storyboard */ = {isa = PBXFileReference; lastKnownFileType = file.storyboard; path = CalendarSB.storyboard; sourceTree = "<group>"; };
		2D8A9E722B47038900F05863 /* CalendarManager.swift */ = {isa = PBXFileReference; fileEncoding = 4; lastKnownFileType = sourcecode.swift; path = CalendarManager.swift; sourceTree = "<group>"; };
		2D974D932A36F9710081D369 /* OpenSans-SemiBold.ttf */ = {isa = PBXFileReference; lastKnownFileType = file; path = "OpenSans-SemiBold.ttf"; sourceTree = "<group>"; };
		2D974D942A36F9710081D369 /* OpenSans-Light.ttf */ = {isa = PBXFileReference; lastKnownFileType = file; path = "OpenSans-Light.ttf"; sourceTree = "<group>"; };
		2D974D952A36F9710081D369 /* OpenSans-Italic.ttf */ = {isa = PBXFileReference; lastKnownFileType = file; path = "OpenSans-Italic.ttf"; sourceTree = "<group>"; };
		2D974D962A36F9710081D369 /* OpenSans-ExtraBold.ttf */ = {isa = PBXFileReference; lastKnownFileType = file; path = "OpenSans-ExtraBold.ttf"; sourceTree = "<group>"; };
		2D974D972A36F9710081D369 /* OpenSans-Bold.ttf */ = {isa = PBXFileReference; lastKnownFileType = file; path = "OpenSans-Bold.ttf"; sourceTree = "<group>"; };
		2D974D982A36F9710081D369 /* OpenSans-Medium.ttf */ = {isa = PBXFileReference; lastKnownFileType = file; path = "OpenSans-Medium.ttf"; sourceTree = "<group>"; };
		2D974D992A36F9710081D369 /* OpenSans-Regular.ttf */ = {isa = PBXFileReference; lastKnownFileType = file; path = "OpenSans-Regular.ttf"; sourceTree = "<group>"; };
		2D974D9B2A36F9710081D369 /* Roboto-Medium.ttf */ = {isa = PBXFileReference; lastKnownFileType = file; path = "Roboto-Medium.ttf"; sourceTree = "<group>"; };
		2D974D9C2A36F9710081D369 /* Roboto-Light.ttf */ = {isa = PBXFileReference; lastKnownFileType = file; path = "Roboto-Light.ttf"; sourceTree = "<group>"; };
		2D974D9D2A36F9710081D369 /* Roboto-Regular.ttf */ = {isa = PBXFileReference; lastKnownFileType = file; path = "Roboto-Regular.ttf"; sourceTree = "<group>"; };
		2D974D9E2A36F9710081D369 /* Roboto-Italic.ttf */ = {isa = PBXFileReference; lastKnownFileType = file; path = "Roboto-Italic.ttf"; sourceTree = "<group>"; };
		2D974D9F2A36F9710081D369 /* Roboto-Bold.ttf */ = {isa = PBXFileReference; lastKnownFileType = file; path = "Roboto-Bold.ttf"; sourceTree = "<group>"; };
		2D974DA02A36F9710081D369 /* Roboto-Thin.ttf */ = {isa = PBXFileReference; lastKnownFileType = file; path = "Roboto-Thin.ttf"; sourceTree = "<group>"; };
		2D974DA12A36F9710081D369 /* Roboto-Black.ttf */ = {isa = PBXFileReference; lastKnownFileType = file; path = "Roboto-Black.ttf"; sourceTree = "<group>"; };
		2D9E451E2B28382B00A188AD /* DoubleExtensions.swift */ = {isa = PBXFileReference; lastKnownFileType = sourcecode.swift; path = DoubleExtensions.swift; sourceTree = "<group>"; };
		2DBD52902A1646FE003F83BF /* CheckBoxVC.swift */ = {isa = PBXFileReference; lastKnownFileType = sourcecode.swift; path = CheckBoxVC.swift; sourceTree = "<group>"; };
		2DBD52922A16472A003F83BF /* CheckBoxSB.storyboard */ = {isa = PBXFileReference; lastKnownFileType = file.storyboard; path = CheckBoxSB.storyboard; sourceTree = "<group>"; };
		2DCFAF372A0F744300E6986C /* CollectionViewVC.swift */ = {isa = PBXFileReference; fileEncoding = 4; lastKnownFileType = sourcecode.swift; path = CollectionViewVC.swift; sourceTree = "<group>"; };
		2DCFAF392A0F748E00E6986C /* CollcViewModel.swift */ = {isa = PBXFileReference; fileEncoding = 4; lastKnownFileType = sourcecode.swift; path = CollcViewModel.swift; sourceTree = "<group>"; };
		2DCFAF3C2A0F758200E6986C /* CollcViewCell.swift */ = {isa = PBXFileReference; fileEncoding = 4; lastKnownFileType = sourcecode.swift; path = CollcViewCell.swift; sourceTree = "<group>"; };
		2DCFAF3E2A0F760600E6986C /* UICollectionViewExtensions.swift */ = {isa = PBXFileReference; fileEncoding = 4; lastKnownFileType = sourcecode.swift; path = UICollectionViewExtensions.swift; sourceTree = "<group>"; };
		2DCFAF402A0F771000E6986C /* CollectionViewSB.storyboard */ = {isa = PBXFileReference; lastKnownFileType = file.storyboard; path = CollectionViewSB.storyboard; sourceTree = "<group>"; };
		2DD951152A177AE500A0AF8E /* EnumSB.storyboard */ = {isa = PBXFileReference; lastKnownFileType = file.storyboard; path = EnumSB.storyboard; sourceTree = "<group>"; };
		2DD951172A177B0500A0AF8E /* EnumVC.swift */ = {isa = PBXFileReference; lastKnownFileType = sourcecode.swift; path = EnumVC.swift; sourceTree = "<group>"; };
		2DE612D02B34B5D000C47137 /* DateHelper.swift */ = {isa = PBXFileReference; fileEncoding = 4; lastKnownFileType = sourcecode.swift; path = DateHelper.swift; sourceTree = "<group>"; };
		2DE6206E2AE0C8AE00772B9B /* ContainerViewSB.storyboard */ = {isa = PBXFileReference; lastKnownFileType = file.storyboard; path = ContainerViewSB.storyboard; sourceTree = "<group>"; };
		2DE620702AE0C8C600772B9B /* ParentVC.swift */ = {isa = PBXFileReference; lastKnownFileType = sourcecode.swift; path = ParentVC.swift; sourceTree = "<group>"; };
		2DE620722AE0C93500772B9B /* ChildVC.swift */ = {isa = PBXFileReference; lastKnownFileType = sourcecode.swift; path = ChildVC.swift; sourceTree = "<group>"; };
		2DEF9AC92B31BAF600960995 /* NetworkMonitoring.swift */ = {isa = PBXFileReference; fileEncoding = 4; lastKnownFileType = sourcecode.swift; path = NetworkMonitoring.swift; sourceTree = "<group>"; };
		39F76732EE737779F8110F72 /* Pods_Scrive.framework */ = {isa = PBXFileReference; explicitFileType = wrapper.framework; includeInIndex = 0; path = Pods_Scrive.framework; sourceTree = BUILT_PRODUCTS_DIR; };
		6AFD70DE1405E10376FF15EB /* Pods-Scrive.debug.xcconfig */ = {isa = PBXFileReference; includeInIndex = 1; lastKnownFileType = text.xcconfig; name = "Pods-Scrive.debug.xcconfig"; path = "Target Support Files/Pods-Scrive/Pods-Scrive.debug.xcconfig"; sourceTree = "<group>"; };
		B5F65044677EB0C4D0D8E215 /* Pods-Scrive.release.xcconfig */ = {isa = PBXFileReference; includeInIndex = 1; lastKnownFileType = text.xcconfig; name = "Pods-Scrive.release.xcconfig"; path = "Target Support Files/Pods-Scrive/Pods-Scrive.release.xcconfig"; sourceTree = "<group>"; };
		F32CA4432B6BDC9F00B26A2D /* CustomizedButton.swift */ = {isa = PBXFileReference; fileEncoding = 4; lastKnownFileType = sourcecode.swift; path = CustomizedButton.swift; sourceTree = "<group>"; };
		F32CA4562B6C099D00B26A2D /* SubMenuData.swift */ = {isa = PBXFileReference; lastKnownFileType = sourcecode.swift; path = SubMenuData.swift; sourceTree = "<group>"; };
		F32CA45A2B6C0A5B00B26A2D /* SubMenuSB.storyboard */ = {isa = PBXFileReference; lastKnownFileType = file.storyboard; path = SubMenuSB.storyboard; sourceTree = "<group>"; };
		F32CA45E2B6C0AD700B26A2D /* SubMenuTbvCell.swift */ = {isa = PBXFileReference; lastKnownFileType = sourcecode.swift; path = SubMenuTbvCell.swift; sourceTree = "<group>"; };
		F32CA4602B6C0B2300B26A2D /* SubMenuVC.swift */ = {isa = PBXFileReference; lastKnownFileType = sourcecode.swift; path = SubMenuVC.swift; sourceTree = "<group>"; };
		F32CA4652B6C106C00B26A2D /* ExpandableData.swift */ = {isa = PBXFileReference; fileEncoding = 4; lastKnownFileType = sourcecode.swift; path = ExpandableData.swift; sourceTree = "<group>"; };
		F32CA4662B6C106C00B26A2D /* RowModel.swift */ = {isa = PBXFileReference; fileEncoding = 4; lastKnownFileType = sourcecode.swift; path = RowModel.swift; sourceTree = "<group>"; };
		F32CA4672B6C106C00B26A2D /* SectionModel.swift */ = {isa = PBXFileReference; fileEncoding = 4; lastKnownFileType = sourcecode.swift; path = SectionModel.swift; sourceTree = "<group>"; };
		F32CA46B2B6C109000B26A2D /* ExpandableSB.storyboard */ = {isa = PBXFileReference; lastKnownFileType = file.storyboard; path = ExpandableSB.storyboard; sourceTree = "<group>"; };
		F32CA46D2B6C10BC00B26A2D /* ExpandableVC.swift */ = {isa = PBXFileReference; fileEncoding = 4; lastKnownFileType = sourcecode.swift; path = ExpandableVC.swift; sourceTree = "<group>"; };
		F34584762BAAC475009F68F3 /* LocationSB.storyboard */ = {isa = PBXFileReference; lastKnownFileType = file.storyboard; path = LocationSB.storyboard; sourceTree = "<group>"; };
		F34584782BAAC499009F68F3 /* LocationVC.swift */ = {isa = PBXFileReference; lastKnownFileType = sourcecode.swift; path = LocationVC.swift; sourceTree = "<group>"; };
		F345847A2BAAC5D9009F68F3 /* LocationManager.swift */ = {isa = PBXFileReference; fileEncoding = 4; lastKnownFileType = sourcecode.swift; path = LocationManager.swift; sourceTree = "<group>"; };
		F3C7A1442B71BF3C00144171 /* ExpandableTbvCell.swift */ = {isa = PBXFileReference; lastKnownFileType = sourcecode.swift; path = ExpandableTbvCell.swift; sourceTree = "<group>"; };
		F3C7A1462B71C09C00144171 /* ExpandableHeaderTbvCell.swift */ = {isa = PBXFileReference; lastKnownFileType = sourcecode.swift; path = ExpandableHeaderTbvCell.swift; sourceTree = "<group>"; };
/* End PBXFileReference section */

/* Begin PBXFrameworksBuildPhase section */
		2D64B6C629D4B1E0000CBDB8 /* Frameworks */ = {
			isa = PBXFrameworksBuildPhase;
			buildActionMask = 2147483647;
			files = (
				7FB917D7882B8C2E085D2BFF /* Pods_Scrive.framework in Frameworks */,
			);
			runOnlyForDeploymentPostprocessing = 0;
		};
/* End PBXFrameworksBuildPhase section */

/* Begin PBXGroup section */
		0F37AD8528A93D9295913C83 /* Pods */ = {
			isa = PBXGroup;
			children = (
				6AFD70DE1405E10376FF15EB /* Pods-Scrive.debug.xcconfig */,
				B5F65044677EB0C4D0D8E215 /* Pods-Scrive.release.xcconfig */,
			);
			path = Pods;
			sourceTree = "<group>";
		};
		2D3B4A8029D4BF4500E433D8 /* SourceCode */ = {
			isa = PBXGroup;
			children = (
				F34584732BAAC44E009F68F3 /* LocationView */,
				2D8A9E6A2B4702B300F05863 /* CalendarView */,
				2DE6206A2AE0C87300772B9B /* ContainerView */,
				2D89A83D2A8A0006008A2CFB /* RestAPI */,
				2D6E814F2A67C77300F6E33E /* ScrollView */,
				2DD951142A177ACE00A0AF8E /* Enum */,
				2D6E7D582A0C0FE700A7BD3B /* Tableview */,
				2DCFAF332A0F73F800E6986C /* CollectionView */,
				2D6E7D652A0C101F00A7BD3B /* Textfield */,
				2D3B4A9329D4BF4500E433D8 /* WKWebView */,
				2DBD528D2A1646B3003F83BF /* Checkbox */,
				2D3B4A9C29D4BF4500E433D8 /* TopBar */,
				2D89A8492A8A3949008A2CFB /* BottomBar */,
				2D3B4A8129D4BF4500E433D8 /* Home */,
				2D3B4A9A29D4BF4500E433D8 /* NavController */,
			);
			path = SourceCode;
			sourceTree = "<group>";
		};
		2D3B4A8129D4BF4500E433D8 /* Home */ = {
			isa = PBXGroup;
			children = (
				2D3B4A8629D4BF4500E433D8 /* Model */,
				2D3B4A8829D4BF4500E433D8 /* View */,
				2D3B4A8229D4BF4500E433D8 /* Controller */,
			);
			path = Home;
			sourceTree = "<group>";
		};
		2D3B4A8229D4BF4500E433D8 /* Controller */ = {
			isa = PBXGroup;
			children = (
				2D3B4A8329D4BF4500E433D8 /* Cells */,
				2D3B4A8529D4BF4500E433D8 /* HomeVC.swift */,
			);
			path = Controller;
			sourceTree = "<group>";
		};
		2D3B4A8329D4BF4500E433D8 /* Cells */ = {
			isa = PBXGroup;
			children = (
				2D3B4A8429D4BF4500E433D8 /* HomeTbvCell.swift */,
			);
			path = Cells;
			sourceTree = "<group>";
		};
		2D3B4A8629D4BF4500E433D8 /* Model */ = {
			isa = PBXGroup;
			children = (
				2D3B4A8729D4BF4500E433D8 /* HomeData.swift */,
			);
			path = Model;
			sourceTree = "<group>";
		};
		2D3B4A8829D4BF4500E433D8 /* View */ = {
			isa = PBXGroup;
			children = (
				2D3B4A8929D4BF4500E433D8 /* HomeSB.storyboard */,
			);
			path = View;
			sourceTree = "<group>";
		};
		2D3B4A9329D4BF4500E433D8 /* WKWebView */ = {
			isa = PBXGroup;
			children = (
				2D3B4A9629D4BF4500E433D8 /* Model */,
				2D3B4A9829D4BF4500E433D8 /* View */,
				2D3B4A9429D4BF4500E433D8 /* Controller */,
			);
			path = WKWebView;
			sourceTree = "<group>";
		};
		2D3B4A9429D4BF4500E433D8 /* Controller */ = {
			isa = PBXGroup;
			children = (
				2D3B4A9529D4BF4500E433D8 /* WKWebVC.swift */,
			);
			path = Controller;
			sourceTree = "<group>";
		};
		2D3B4A9629D4BF4500E433D8 /* Model */ = {
			isa = PBXGroup;
			children = (
				2D3B4A9729D4BF4500E433D8 /* WKWebModel.swift */,
			);
			path = Model;
			sourceTree = "<group>";
		};
		2D3B4A9829D4BF4500E433D8 /* View */ = {
			isa = PBXGroup;
			children = (
				2D3B4A9929D4BF4500E433D8 /* WKWebSB.storyboard */,
			);
			path = View;
			sourceTree = "<group>";
		};
		2D3B4A9A29D4BF4500E433D8 /* NavController */ = {
			isa = PBXGroup;
			children = (
				2D3B4A9B29D4BF4500E433D8 /* NavController.swift */,
			);
			path = NavController;
			sourceTree = "<group>";
		};
		2D3B4A9C29D4BF4500E433D8 /* TopBar */ = {
			isa = PBXGroup;
			children = (
				2D3B4A9D29D4BF4500E433D8 /* TopBar.xib */,
				2D3B4A9E29D4BF4500E433D8 /* TopBar.swift */,
			);
			path = TopBar;
			sourceTree = "<group>";
		};
		2D3B4AAD29D4BF5400E433D8 /* Extensions */ = {
			isa = PBXGroup;
			children = (
				2D3B4AAF29D4BF5400E433D8 /* UITableViewExtensions.swift */,
				2D3B4AB029D4BF5400E433D8 /* StringExtensions.swift */,
				2D3B4AB129D4BF5400E433D8 /* WKWebViewExtensions.swift */,
				2D3B4AB229D4BF5400E433D8 /* UIViewControllerExtensions.swift */,
				2D3B4AB329D4BF5400E433D8 /* UIViewExtensions.swift */,
				2D3B4AB429D4BF5400E433D8 /* UILabelExtensions.swift */,
				2D3B4AB529D4BF5400E433D8 /* UIButtonExtensions.swift */,
				2D3B4AB629D4BF5400E433D8 /* NSObjectExtensions.swift */,
				2D3B4AB729D4BF5400E433D8 /* UIColorExtensions.swift */,
				2D041BF629DFFF9900234843 /* UITextFieldExtensions.swift */,
				2DCFAF3E2A0F760600E6986C /* UICollectionViewExtensions.swift */,
				2D9E451E2B28382B00A188AD /* DoubleExtensions.swift */,
			);
			path = Extensions;
			sourceTree = "<group>";
		};
		2D3B4AC229D4BF6A00E433D8 /* NetworkManager */ = {
			isa = PBXGroup;
			children = (
				2D3B4AC729D4BF6A00E433D8 /* ResponseWrappers */,
				2D6E814A2A67C61200F6E33E /* ApiActions */,
				2D3B4AC329D4BF6A00E433D8 /* ApiConstants.swift */,
				2D3B4AC429D4BF6A00E433D8 /* ApiEndPoints.swift */,
				2D3B4AC529D4BF6A00E433D8 /* APIManager.swift */,
			);
			path = NetworkManager;
			sourceTree = "<group>";
		};
		2D3B4AC729D4BF6A00E433D8 /* ResponseWrappers */ = {
			isa = PBXGroup;
			children = (
				2D3B4AC829D4BF6A00E433D8 /* ApiResponse.swift */,
				2D3B4AC929D4BF6A00E433D8 /* DecodableDefault.swift */,
			);
			path = ResponseWrappers;
			sourceTree = "<group>";
		};
		2D3B4AD429D4C05800E433D8 /* Resources */ = {
			isa = PBXGroup;
			children = (
				2D3B4AD729D4C05800E433D8 /* Fonts */,
				2D3B4AD529D4C05800E433D8 /* Colors.xcassets */,
				2D3B4AD629D4C05800E433D8 /* Assets.xcassets */,
			);
			path = Resources;
			sourceTree = "<group>";
		};
		2D3B4AD729D4C05800E433D8 /* Fonts */ = {
			isa = PBXGroup;
			children = (
				2D974D922A36F9710081D369 /* OpenSans */,
				2D974D9A2A36F9710081D369 /* Roboto */,
				2D3B4AD829D4C05800E433D8 /* RoxboroughCF */,
				2D3B4AE129D4C05800E433D8 /* ProximaNova */,
				2D3B4AE929D4C05800E433D8 /* Poppins */,
			);
			path = Fonts;
			sourceTree = "<group>";
		};
		2D3B4AD829D4C05800E433D8 /* RoxboroughCF */ = {
			isa = PBXGroup;
			children = (
				2D3B4AD929D4C05800E433D8 /* RoxboroughCF-Heavy.otf */,
				2D3B4ADA29D4C05800E433D8 /* RoxboroughCF-Bold.otf */,
				2D3B4ADB29D4C05800E433D8 /* RoxboroughCF-Thin.otf */,
				2D3B4ADC29D4C05800E433D8 /* RoxboroughCF-Medium.otf */,
				2D3B4ADD29D4C05800E433D8 /* RoxboroughCF-Light.otf */,
				2D3B4ADE29D4C05800E433D8 /* RoxboroughCF-DemiBold.otf */,
				2D3B4ADF29D4C05800E433D8 /* RoxboroughCF-ExtraBold.otf */,
				2D3B4AE029D4C05800E433D8 /* RoxboroughCF-Regular.otf */,
			);
			path = RoxboroughCF;
			sourceTree = "<group>";
		};
		2D3B4AE129D4C05800E433D8 /* ProximaNova */ = {
			isa = PBXGroup;
			children = (
				2D3B4AE229D4C05800E433D8 /* ProximaNova-Thin.otf */,
				2D3B4AE329D4C05800E433D8 /* ProximaNova-Light.otf */,
				2D3B4AE429D4C05800E433D8 /* ProximaNova-Semibold.otf */,
				2D3B4AE529D4C05800E433D8 /* ProximaNova-Bold.otf */,
				2D3B4AE629D4C05800E433D8 /* ProximaNova-Medium.otf */,
				2D3B4AE729D4C05800E433D8 /* ProximaNova-Black.otf */,
				2D3B4AE829D4C05800E433D8 /* ProximaNova-Regular.otf */,
			);
			path = ProximaNova;
			sourceTree = "<group>";
		};
		2D3B4AE929D4C05800E433D8 /* Poppins */ = {
			isa = PBXGroup;
			children = (
				2D3B4AEA29D4C05800E433D8 /* Poppins-ExtraLight.ttf */,
				2D3B4AEB29D4C05800E433D8 /* Poppins-Light.ttf */,
				2D3B4AEC29D4C05800E433D8 /* Poppins-Medium.ttf */,
				2D3B4AED29D4C05800E433D8 /* Poppins-ExtraBold.ttf */,
				2D3B4AEE29D4C05800E433D8 /* Poppins-Regular.ttf */,
				2D3B4AEF29D4C05800E433D8 /* Poppins-Bold.ttf */,
				2D3B4AF029D4C05800E433D8 /* Poppins-Black.ttf */,
				2D3B4AF129D4C05800E433D8 /* Poppins-Thin.ttf */,
				2D3B4AF229D4C05800E433D8 /* Poppins-SemiBold.ttf */,
				2D3B4AF329D4C05800E433D8 /* Poppins-Italic.ttf */,
			);
			path = Poppins;
			sourceTree = "<group>";
		};
		2D3B4B0F29D4C06500E433D8 /* HelperClasses */ = {
			isa = PBXGroup;
			children = (
				2D3B4B1729D4C06500E433D8 /* NoDataView */,
				F32CA4432B6BDC9F00B26A2D /* CustomizedButton.swift */,
				F345847A2BAAC5D9009F68F3 /* LocationManager.swift */,
				2D8A9E722B47038900F05863 /* CalendarManager.swift */,
				2DEF9AC92B31BAF600960995 /* NetworkMonitoring.swift */,
				2DE612D02B34B5D000C47137 /* DateHelper.swift */,
				2D3B4B1029D4C06500E433D8 /* CheckBoxButton.swift */,
				2D3B4B1129D4C06500E433D8 /* Swizzle.swift */,
				2D3B4B1229D4C06500E433D8 /* CustomAlerts.swift */,
				2D3B4B1329D4C06500E433D8 /* UserDefaultsHelper.swift */,
				2D3B4B1429D4C06500E433D8 /* ScreenManager.swift */,
				2D3B4B1529D4C06500E433D8 /* GlobalPrint.swift */,
				2D3B4B1629D4C06500E433D8 /* AppOrientation.swift */,
				2D3B4B1A29D4C06500E433D8 /* PushNotifications.swift */,
				2D3B4B1B29D4C06500E433D8 /* AppSingleton.swift */,
				2D3B4B1C29D4C06500E433D8 /* AppUtility.swift */,
				2D3B4B1D29D4C06500E433D8 /* ProgressHUD.swift */,
				2D3B4B1E29D4C06500E433D8 /* BackspaceTextField.swift */,
				2D3B4B1F29D4C06500E433D8 /* Observable.swift */,
				2D3B4B2029D4C06500E433D8 /* AppFont.swift */,
			);
			path = HelperClasses;
			sourceTree = "<group>";
		};
		2D3B4B1729D4C06500E433D8 /* NoDataView */ = {
			isa = PBXGroup;
			children = (
				2D3B4B1929D4C06500E433D8 /* NoDataView.xib */,
				2D3B4B1829D4C06500E433D8 /* NoDataView.swift */,
			);
			path = NoDataView;
			sourceTree = "<group>";
		};
		2D6097992A4D94B7004D1ED1 /* Model */ = {
			isa = PBXGroup;
			children = (
				2D60979A2A4D94C8004D1ED1 /* EnumModel.swift */,
			);
			path = Model;
			sourceTree = "<group>";
		};
		2D60979C2A4D9518004D1ED1 /* View */ = {
			isa = PBXGroup;
			children = (
				2DD951152A177AE500A0AF8E /* EnumSB.storyboard */,
			);
			path = View;
			sourceTree = "<group>";
		};
		2D60979D2A4D9528004D1ED1 /* Controller */ = {
			isa = PBXGroup;
			children = (
				2DD951172A177B0500A0AF8E /* EnumVC.swift */,
			);
			path = Controller;
			sourceTree = "<group>";
		};
		2D64B6C029D4B1E0000CBDB8 = {
			isa = PBXGroup;
			children = (
				2D64B6CB29D4B1E0000CBDB8 /* Scrive */,
				2D64B6CA29D4B1E0000CBDB8 /* Products */,
				0F37AD8528A93D9295913C83 /* Pods */,
				433858C234380181705477B2 /* Frameworks */,
			);
			sourceTree = "<group>";
		};
		2D64B6CA29D4B1E0000CBDB8 /* Products */ = {
			isa = PBXGroup;
			children = (
				2D64B6C929D4B1E0000CBDB8 /* Scrive.app */,
			);
			name = Products;
			sourceTree = "<group>";
		};
		2D64B6CB29D4B1E0000CBDB8 /* Scrive */ = {
			isa = PBXGroup;
			children = (
				2D64B6CC29D4B1E0000CBDB8 /* AppDelegate.swift */,
				2D64B6CE29D4B1E0000CBDB8 /* SceneDelegate.swift */,
				2D64B6D029D4B1E0000CBDB8 /* BaseViewController.swift */,
				2D3B4A8029D4BF4500E433D8 /* SourceCode */,
				2D3B4AAD29D4BF5400E433D8 /* Extensions */,
				2D3B4B0F29D4C06500E433D8 /* HelperClasses */,
				2D3B4AC229D4BF6A00E433D8 /* NetworkManager */,
				2D3B4AD429D4C05800E433D8 /* Resources */,
				2D3B4AD229D4C02700E433D8 /* LaunchScreen.storyboard */,
				2D64B6DA29D4B1E2000CBDB8 /* Info.plist */,
				2D3B4AD029D4BF8600E433D8 /* GoogleService-Info.plist */,
				2D3B4A7E29D4BE1200E433D8 /* ReadMe */,
			);
			path = Scrive;
			sourceTree = "<group>";
		};
		2D6E7D582A0C0FE700A7BD3B /* Tableview */ = {
			isa = PBXGroup;
			children = (
				F32CA4532B6C094B00B26A2D /* Children */,
				F32CA4522B6C091F00B26A2D /* SubMenu */,
			);
			path = Tableview;
			sourceTree = "<group>";
		};
		2D6E7D592A0C0FE700A7BD3B /* Controller */ = {
			isa = PBXGroup;
			children = (
				2D6E7D5A2A0C0FE700A7BD3B /* Cells */,
				2D6E7D5C2A0C0FE700A7BD3B /* TableviewVC.swift */,
			);
			path = Controller;
			sourceTree = "<group>";
		};
		2D6E7D5A2A0C0FE700A7BD3B /* Cells */ = {
			isa = PBXGroup;
			children = (
				2D6E7D5B2A0C0FE700A7BD3B /* TbvCell.swift */,
			);
			path = Cells;
			sourceTree = "<group>";
		};
		2D6E7D5D2A0C0FE700A7BD3B /* Model */ = {
			isa = PBXGroup;
			children = (
				2D6E7D5E2A0C0FE700A7BD3B /* TbvModel.swift */,
			);
			path = Model;
			sourceTree = "<group>";
		};
		2D6E7D5F2A0C0FE700A7BD3B /* View */ = {
			isa = PBXGroup;
			children = (
				2D6E7D602A0C0FE700A7BD3B /* TableviewSB.storyboard */,
			);
			path = View;
			sourceTree = "<group>";
		};
		2D6E7D652A0C101F00A7BD3B /* Textfield */ = {
			isa = PBXGroup;
			children = (
				2D6E7D682A0C101F00A7BD3B /* View */,
				2D6E7D662A0C101F00A7BD3B /* Controller */,
			);
			path = Textfield;
			sourceTree = "<group>";
		};
		2D6E7D662A0C101F00A7BD3B /* Controller */ = {
			isa = PBXGroup;
			children = (
				2D6E7D672A0C101F00A7BD3B /* TextFieldVC.swift */,
			);
			path = Controller;
			sourceTree = "<group>";
		};
		2D6E7D682A0C101F00A7BD3B /* View */ = {
			isa = PBXGroup;
			children = (
				2D6E7D692A0C101F00A7BD3B /* TextfieldSB.storyboard */,
			);
			path = View;
			sourceTree = "<group>";
		};
		2D6E814A2A67C61200F6E33E /* ApiActions */ = {
			isa = PBXGroup;
			children = (
				2D3B4AC629D4BF6A00E433D8 /* ApiActions.swift */,
				2D6E814B2A67C63000F6E33E /* SampleActions.swift */,
				2D6E814D2A67C65700F6E33E /* CommonActions.swift */,
			);
			path = ApiActions;
			sourceTree = "<group>";
		};
		2D6E814F2A67C77300F6E33E /* ScrollView */ = {
			isa = PBXGroup;
			children = (
				2D6E81512A67C81000F6E33E /* View */,
				2D6E81502A67C80700F6E33E /* Controller */,
			);
			path = ScrollView;
			sourceTree = "<group>";
		};
		2D6E81502A67C80700F6E33E /* Controller */ = {
			isa = PBXGroup;
			children = (
				2D6E81542A67C83600F6E33E /* ScrollViewVC.swift */,
			);
			path = Controller;
			sourceTree = "<group>";
		};
		2D6E81512A67C81000F6E33E /* View */ = {
			isa = PBXGroup;
			children = (
				2D6E81522A67C82200F6E33E /* ScrollViewSB.storyboard */,
			);
			path = View;
			sourceTree = "<group>";
		};
		2D89A83D2A8A0006008A2CFB /* RestAPI */ = {
			isa = PBXGroup;
			children = (
				2D89A8402A8A001E008A2CFB /* Model */,
				2D89A83F2A8A0018008A2CFB /* View */,
				2D89A83E2A8A0010008A2CFB /* Controller */,
			);
			path = RestAPI;
			sourceTree = "<group>";
		};
		2D89A83E2A8A0010008A2CFB /* Controller */ = {
			isa = PBXGroup;
			children = (
				2D89A8412A8A0043008A2CFB /* RestAPIVC.swift */,
			);
			path = Controller;
			sourceTree = "<group>";
		};
		2D89A83F2A8A0018008A2CFB /* View */ = {
			isa = PBXGroup;
			children = (
				2D89A8432A8A006F008A2CFB /* RestAPISB.storyboard */,
			);
			path = View;
			sourceTree = "<group>";
		};
		2D89A8402A8A001E008A2CFB /* Model */ = {
			isa = PBXGroup;
			children = (
				2D89A8452A8A07C8008A2CFB /* LoginResponseModel.swift */,
				2D89A8472A8A1628008A2CFB /* LoginRequestModel.swift */,
			);
			path = Model;
			sourceTree = "<group>";
		};
		2D89A8492A8A3949008A2CFB /* BottomBar */ = {
			isa = PBXGroup;
			children = (
				2D89A84B2A8A3949008A2CFB /* BottomBar.xib */,
				2D89A84A2A8A3949008A2CFB /* BottomBar.swift */,
			);
			path = BottomBar;
			sourceTree = "<group>";
		};
		2D8A9E6A2B4702B300F05863 /* CalendarView */ = {
			isa = PBXGroup;
			children = (
				2D8A9E6C2B4702E000F05863 /* View */,
				2D8A9E6B2B4702D500F05863 /* Controller */,
			);
			path = CalendarView;
			sourceTree = "<group>";
		};
		2D8A9E6B2B4702D500F05863 /* Controller */ = {
			isa = PBXGroup;
			children = (
				2D8A9E6E2B47032800F05863 /* CalendarVC.swift */,
			);
			path = Controller;
			sourceTree = "<group>";
		};
		2D8A9E6C2B4702E000F05863 /* View */ = {
			isa = PBXGroup;
			children = (
				2D8A9E702B47034E00F05863 /* CalendarSB.storyboard */,
			);
			path = View;
			sourceTree = "<group>";
		};
		2D974D922A36F9710081D369 /* OpenSans */ = {
			isa = PBXGroup;
			children = (
				2D974D932A36F9710081D369 /* OpenSans-SemiBold.ttf */,
				2D974D942A36F9710081D369 /* OpenSans-Light.ttf */,
				2D974D952A36F9710081D369 /* OpenSans-Italic.ttf */,
				2D974D962A36F9710081D369 /* OpenSans-ExtraBold.ttf */,
				2D974D972A36F9710081D369 /* OpenSans-Bold.ttf */,
				2D974D982A36F9710081D369 /* OpenSans-Medium.ttf */,
				2D974D992A36F9710081D369 /* OpenSans-Regular.ttf */,
			);
			path = OpenSans;
			sourceTree = "<group>";
		};
		2D974D9A2A36F9710081D369 /* Roboto */ = {
			isa = PBXGroup;
			children = (
				2D974D9B2A36F9710081D369 /* Roboto-Medium.ttf */,
				2D974D9C2A36F9710081D369 /* Roboto-Light.ttf */,
				2D974D9D2A36F9710081D369 /* Roboto-Regular.ttf */,
				2D974D9E2A36F9710081D369 /* Roboto-Italic.ttf */,
				2D974D9F2A36F9710081D369 /* Roboto-Bold.ttf */,
				2D974DA02A36F9710081D369 /* Roboto-Thin.ttf */,
				2D974DA12A36F9710081D369 /* Roboto-Black.ttf */,
			);
			path = Roboto;
			sourceTree = "<group>";
		};
		2DBD528D2A1646B3003F83BF /* Checkbox */ = {
			isa = PBXGroup;
			children = (
				2DBD528F2A1646C1003F83BF /* View */,
				2DBD528E2A1646BA003F83BF /* Controller */,
			);
			path = Checkbox;
			sourceTree = "<group>";
		};
		2DBD528E2A1646BA003F83BF /* Controller */ = {
			isa = PBXGroup;
			children = (
				2DBD52902A1646FE003F83BF /* CheckBoxVC.swift */,
			);
			path = Controller;
			sourceTree = "<group>";
		};
		2DBD528F2A1646C1003F83BF /* View */ = {
			isa = PBXGroup;
			children = (
				2DBD52922A16472A003F83BF /* CheckBoxSB.storyboard */,
			);
			path = View;
			sourceTree = "<group>";
		};
		2DCFAF332A0F73F800E6986C /* CollectionView */ = {
			isa = PBXGroup;
			children = (
				2DCFAF362A0F742D00E6986C /* Model */,
				2DCFAF352A0F742800E6986C /* View */,
				2DCFAF342A0F741F00E6986C /* Controller */,
			);
			path = CollectionView;
			sourceTree = "<group>";
		};
		2DCFAF342A0F741F00E6986C /* Controller */ = {
			isa = PBXGroup;
			children = (
				2DCFAF3B2A0F757100E6986C /* Cells */,
				2DCFAF372A0F744300E6986C /* CollectionViewVC.swift */,
			);
			path = Controller;
			sourceTree = "<group>";
		};
		2DCFAF352A0F742800E6986C /* View */ = {
			isa = PBXGroup;
			children = (
				2DCFAF402A0F771000E6986C /* CollectionViewSB.storyboard */,
			);
			path = View;
			sourceTree = "<group>";
		};
		2DCFAF362A0F742D00E6986C /* Model */ = {
			isa = PBXGroup;
			children = (
				2DCFAF392A0F748E00E6986C /* CollcViewModel.swift */,
			);
			path = Model;
			sourceTree = "<group>";
		};
		2DCFAF3B2A0F757100E6986C /* Cells */ = {
			isa = PBXGroup;
			children = (
				2DCFAF3C2A0F758200E6986C /* CollcViewCell.swift */,
			);
			path = Cells;
			sourceTree = "<group>";
		};
		2DD951142A177ACE00A0AF8E /* Enum */ = {
			isa = PBXGroup;
			children = (
				2D6097992A4D94B7004D1ED1 /* Model */,
				2D60979C2A4D9518004D1ED1 /* View */,
				2D60979D2A4D9528004D1ED1 /* Controller */,
			);
			path = Enum;
			sourceTree = "<group>";
		};
		2DE6206A2AE0C87300772B9B /* ContainerView */ = {
			isa = PBXGroup;
			children = (
				2DE6206D2AE0C89000772B9B /* Model */,
				2DE6206C2AE0C88900772B9B /* View */,
				2DE6206B2AE0C88100772B9B /* Controller */,
			);
			path = ContainerView;
			sourceTree = "<group>";
		};
		2DE6206B2AE0C88100772B9B /* Controller */ = {
			isa = PBXGroup;
			children = (
				2DE620702AE0C8C600772B9B /* ParentVC.swift */,
				2DE620722AE0C93500772B9B /* ChildVC.swift */,
			);
			path = Controller;
			sourceTree = "<group>";
		};
		2DE6206C2AE0C88900772B9B /* View */ = {
			isa = PBXGroup;
			children = (
				2DE6206E2AE0C8AE00772B9B /* ContainerViewSB.storyboard */,
			);
			path = View;
			sourceTree = "<group>";
		};
		2DE6206D2AE0C89000772B9B /* Model */ = {
			isa = PBXGroup;
			children = (
			);
			path = Model;
			sourceTree = "<group>";
		};
		433858C234380181705477B2 /* Frameworks */ = {
			isa = PBXGroup;
			children = (
				39F76732EE737779F8110F72 /* Pods_Scrive.framework */,
			);
			name = Frameworks;
			sourceTree = "<group>";
		};
		F32CA4522B6C091F00B26A2D /* SubMenu */ = {
			isa = PBXGroup;
			children = (
				F32CA45C2B6C0A6700B26A2D /* Model */,
				F32CA4592B6C0A4700B26A2D /* View */,
				F32CA4582B6C0A3C00B26A2D /* Controller */,
			);
			path = SubMenu;
			sourceTree = "<group>";
		};
		F32CA4532B6C094B00B26A2D /* Children */ = {
			isa = PBXGroup;
			children = (
				F32CA4552B6C097300B26A2D /* Expandable */,
				F32CA4542B6C095E00B26A2D /* Normal */,
			);
			path = Children;
			sourceTree = "<group>";
		};
		F32CA4542B6C095E00B26A2D /* Normal */ = {
			isa = PBXGroup;
			children = (
				2D6E7D5D2A0C0FE700A7BD3B /* Model */,
				2D6E7D5F2A0C0FE700A7BD3B /* View */,
				2D6E7D592A0C0FE700A7BD3B /* Controller */,
			);
			path = Normal;
			sourceTree = "<group>";
		};
		F32CA4552B6C097300B26A2D /* Expandable */ = {
			isa = PBXGroup;
			children = (
				F32CA4642B6C104100B26A2D /* Model */,
				F32CA4632B6C103C00B26A2D /* View */,
				F32CA4622B6C103500B26A2D /* Controller */,
			);
			path = Expandable;
			sourceTree = "<group>";
		};
		F32CA4582B6C0A3C00B26A2D /* Controller */ = {
			isa = PBXGroup;
			children = (
				F32CA45D2B6C0ABF00B26A2D /* Cells */,
				F32CA4602B6C0B2300B26A2D /* SubMenuVC.swift */,
			);
			path = Controller;
			sourceTree = "<group>";
		};
		F32CA4592B6C0A4700B26A2D /* View */ = {
			isa = PBXGroup;
			children = (
				F32CA45A2B6C0A5B00B26A2D /* SubMenuSB.storyboard */,
			);
			path = View;
			sourceTree = "<group>";
		};
		F32CA45C2B6C0A6700B26A2D /* Model */ = {
			isa = PBXGroup;
			children = (
				F32CA4562B6C099D00B26A2D /* SubMenuData.swift */,
			);
			path = Model;
			sourceTree = "<group>";
		};
		F32CA45D2B6C0ABF00B26A2D /* Cells */ = {
			isa = PBXGroup;
			children = (
				F32CA45E2B6C0AD700B26A2D /* SubMenuTbvCell.swift */,
			);
			path = Cells;
			sourceTree = "<group>";
		};
		F32CA4622B6C103500B26A2D /* Controller */ = {
			isa = PBXGroup;
			children = (
				F3C7A1432B71BF2200144171 /* Cells */,
				F32CA46D2B6C10BC00B26A2D /* ExpandableVC.swift */,
			);
			path = Controller;
			sourceTree = "<group>";
		};
		F32CA4632B6C103C00B26A2D /* View */ = {
			isa = PBXGroup;
			children = (
				F32CA46B2B6C109000B26A2D /* ExpandableSB.storyboard */,
			);
			path = View;
			sourceTree = "<group>";
		};
		F32CA4642B6C104100B26A2D /* Model */ = {
			isa = PBXGroup;
			children = (
				F32CA4652B6C106C00B26A2D /* ExpandableData.swift */,
				F32CA4672B6C106C00B26A2D /* SectionModel.swift */,
				F32CA4662B6C106C00B26A2D /* RowModel.swift */,
			);
			path = Model;
			sourceTree = "<group>";
		};
		F34584732BAAC44E009F68F3 /* LocationView */ = {
			isa = PBXGroup;
			children = (
				F34584752BAAC463009F68F3 /* View */,
				F34584742BAAC45C009F68F3 /* Controller */,
			);
			path = LocationView;
			sourceTree = "<group>";
		};
		F34584742BAAC45C009F68F3 /* Controller */ = {
			isa = PBXGroup;
			children = (
				F34584782BAAC499009F68F3 /* LocationVC.swift */,
			);
			path = Controller;
			sourceTree = "<group>";
		};
		F34584752BAAC463009F68F3 /* View */ = {
			isa = PBXGroup;
			children = (
				F34584762BAAC475009F68F3 /* LocationSB.storyboard */,
			);
			path = View;
			sourceTree = "<group>";
		};
		F3C7A1432B71BF2200144171 /* Cells */ = {
			isa = PBXGroup;
			children = (
				F3C7A1462B71C09C00144171 /* ExpandableHeaderTbvCell.swift */,
				F3C7A1442B71BF3C00144171 /* ExpandableTbvCell.swift */,
			);
			path = Cells;
			sourceTree = "<group>";
		};
/* End PBXGroup section */

/* Begin PBXNativeTarget section */
		2D64B6C829D4B1E0000CBDB8 /* Scrive */ = {
			isa = PBXNativeTarget;
			buildConfigurationList = 2D64B6DD29D4B1E2000CBDB8 /* Build configuration list for PBXNativeTarget "Scrive" */;
			buildPhases = (
				108F37ABEBCB03E63E06D1AE /* [CP] Check Pods Manifest.lock */,
				2D64B6C529D4B1E0000CBDB8 /* Sources */,
				2D64B6C629D4B1E0000CBDB8 /* Frameworks */,
				2D64B6C729D4B1E0000CBDB8 /* Resources */,
				57C01405F2ED7536EA60BF54 /* [CP] Embed Pods Frameworks */,
			);
			buildRules = (
			);
			dependencies = (
			);
			name = Scrive;
			productName = Scrive;
			productReference = 2D64B6C929D4B1E0000CBDB8 /* Scrive.app */;
			productType = "com.apple.product-type.application";
		};
/* End PBXNativeTarget section */

/* Begin PBXProject section */
		2D64B6C129D4B1E0000CBDB8 /* Project object */ = {
			isa = PBXProject;
			attributes = {
				BuildIndependentTargetsInParallel = 1;
				LastSwiftUpdateCheck = 1420;
				LastUpgradeCheck = 1420;
				TargetAttributes = {
					2D64B6C829D4B1E0000CBDB8 = {
						CreatedOnToolsVersion = 14.2;
					};
				};
			};
			buildConfigurationList = 2D64B6C429D4B1E0000CBDB8 /* Build configuration list for PBXProject "Scrive" */;
			compatibilityVersion = "Xcode 14.0";
			developmentRegion = en;
			hasScannedForEncodings = 0;
			knownRegions = (
				en,
				Base,
			);
			mainGroup = 2D64B6C029D4B1E0000CBDB8;
			productRefGroup = 2D64B6CA29D4B1E0000CBDB8 /* Products */;
			projectDirPath = "";
			projectRoot = "";
			targets = (
				2D64B6C829D4B1E0000CBDB8 /* Scrive */,
			);
		};
/* End PBXProject section */

/* Begin PBXResourcesBuildPhase section */
		2D64B6C729D4B1E0000CBDB8 /* Resources */ = {
			isa = PBXResourcesBuildPhase;
			buildActionMask = 2147483647;
			files = (
				2DD951162A177AE500A0AF8E /* EnumSB.storyboard in Resources */,
				2D3B4AFA29D4C05800E433D8 /* RoxboroughCF-Light.otf in Resources */,
				2D3B4B0629D4C05800E433D8 /* Poppins-Light.ttf in Resources */,
				2DBD52932A16472A003F83BF /* CheckBoxSB.storyboard in Resources */,
				2D3B4AD329D4C02700E433D8 /* LaunchScreen.storyboard in Resources */,
				2D974DAF2A36F9710081D369 /* Roboto-Black.ttf in Resources */,
				2D3B4A7F29D4BE1200E433D8 /* ReadMe in Resources */,
				2D3B4AF929D4C05800E433D8 /* RoxboroughCF-Medium.otf in Resources */,
				2D3B4B0929D4C05800E433D8 /* Poppins-Regular.ttf in Resources */,
				2D3B4AD129D4BF8600E433D8 /* GoogleService-Info.plist in Resources */,
				2D3B4B0B29D4C05800E433D8 /* Poppins-Black.ttf in Resources */,
				F32CA46C2B6C109000B26A2D /* ExpandableSB.storyboard in Resources */,
				2D3B4B0A29D4C05800E433D8 /* Poppins-Bold.ttf in Resources */,
				2D3B4B0729D4C05800E433D8 /* Poppins-Medium.ttf in Resources */,
				2D974DA22A36F9710081D369 /* OpenSans-SemiBold.ttf in Resources */,
				F32CA45B2B6C0A5C00B26A2D /* SubMenuSB.storyboard in Resources */,
				2DCFAF412A0F771000E6986C /* CollectionViewSB.storyboard in Resources */,
				2D3B4AAB29D4BF4500E433D8 /* TopBar.xib in Resources */,
				2D3B4B0029D4C05800E433D8 /* ProximaNova-Semibold.otf in Resources */,
				2D3B4B0329D4C05800E433D8 /* ProximaNova-Black.otf in Resources */,
				2D3B4AF629D4C05800E433D8 /* RoxboroughCF-Heavy.otf in Resources */,
				2D8A9E712B47034E00F05863 /* CalendarSB.storyboard in Resources */,
				2D3B4B0529D4C05800E433D8 /* Poppins-ExtraLight.ttf in Resources */,
				2D3B4B0129D4C05800E433D8 /* ProximaNova-Bold.otf in Resources */,
				2D974DA32A36F9710081D369 /* OpenSans-Light.ttf in Resources */,
				F34584772BAAC475009F68F3 /* LocationSB.storyboard in Resources */,
				2D3B4AF429D4C05800E433D8 /* Colors.xcassets in Resources */,
				2D974DAB2A36F9710081D369 /* Roboto-Regular.ttf in Resources */,
				2D89A8442A8A006F008A2CFB /* RestAPISB.storyboard in Resources */,
				2D974DAD2A36F9710081D369 /* Roboto-Bold.ttf in Resources */,
				2D974DAE2A36F9710081D369 /* Roboto-Thin.ttf in Resources */,
				2D974DA82A36F9710081D369 /* OpenSans-Regular.ttf in Resources */,
				2D974DA92A36F9710081D369 /* Roboto-Medium.ttf in Resources */,
				2D974DA62A36F9710081D369 /* OpenSans-Bold.ttf in Resources */,
				2D6E81532A67C82200F6E33E /* ScrollViewSB.storyboard in Resources */,
				2D3B4B0E29D4C05800E433D8 /* Poppins-Italic.ttf in Resources */,
				2D3B4AA929D4BF4500E433D8 /* WKWebSB.storyboard in Resources */,
				2D3B4AF829D4C05800E433D8 /* RoxboroughCF-Thin.otf in Resources */,
				2D3B4AFE29D4C05800E433D8 /* ProximaNova-Thin.otf in Resources */,
				2D3B4B0C29D4C05800E433D8 /* Poppins-Thin.ttf in Resources */,
				2D974DA42A36F9710081D369 /* OpenSans-Italic.ttf in Resources */,
				2D3B4AFC29D4C05800E433D8 /* RoxboroughCF-ExtraBold.otf in Resources */,
				2D6E7D6B2A0C101F00A7BD3B /* TextfieldSB.storyboard in Resources */,
				2D3B4B0229D4C05800E433D8 /* ProximaNova-Medium.otf in Resources */,
				2D89A84D2A8A3949008A2CFB /* BottomBar.xib in Resources */,
				2D3B4B0D29D4C05800E433D8 /* Poppins-SemiBold.ttf in Resources */,
				2D974DA72A36F9710081D369 /* OpenSans-Medium.ttf in Resources */,
				2D974DAC2A36F9710081D369 /* Roboto-Italic.ttf in Resources */,
				2D3B4B0429D4C05800E433D8 /* ProximaNova-Regular.otf in Resources */,
				2DE6206F2AE0C8AE00772B9B /* ContainerViewSB.storyboard in Resources */,
				2D3B4AFD29D4C05800E433D8 /* RoxboroughCF-Regular.otf in Resources */,
				2D974DAA2A36F9710081D369 /* Roboto-Light.ttf in Resources */,
				2D3B4AF529D4C05800E433D8 /* Assets.xcassets in Resources */,
				2D3B4AFB29D4C05800E433D8 /* RoxboroughCF-DemiBold.otf in Resources */,
				2D3B4B0829D4C05800E433D8 /* Poppins-ExtraBold.ttf in Resources */,
				2D3B4AA229D4BF4500E433D8 /* HomeSB.storyboard in Resources */,
				2D3B4AF729D4C05800E433D8 /* RoxboroughCF-Bold.otf in Resources */,
				2D3B4AFF29D4C05800E433D8 /* ProximaNova-Light.otf in Resources */,
				2D6E7D642A0C0FE700A7BD3B /* TableviewSB.storyboard in Resources */,
				2D3B4B2929D4C06500E433D8 /* NoDataView.xib in Resources */,
				2D974DA52A36F9710081D369 /* OpenSans-ExtraBold.ttf in Resources */,
			);
			runOnlyForDeploymentPostprocessing = 0;
		};
/* End PBXResourcesBuildPhase section */

/* Begin PBXShellScriptBuildPhase section */
		108F37ABEBCB03E63E06D1AE /* [CP] Check Pods Manifest.lock */ = {
			isa = PBXShellScriptBuildPhase;
			buildActionMask = 2147483647;
			files = (
			);
			inputFileListPaths = (
			);
			inputPaths = (
				"${PODS_PODFILE_DIR_PATH}/Podfile.lock",
				"${PODS_ROOT}/Manifest.lock",
			);
			name = "[CP] Check Pods Manifest.lock";
			outputFileListPaths = (
			);
			outputPaths = (
				"$(DERIVED_FILE_DIR)/Pods-Scrive-checkManifestLockResult.txt",
			);
			runOnlyForDeploymentPostprocessing = 0;
			shellPath = /bin/sh;
			shellScript = "diff \"${PODS_PODFILE_DIR_PATH}/Podfile.lock\" \"${PODS_ROOT}/Manifest.lock\" > /dev/null\nif [ $? != 0 ] ; then\n    # print error to STDERR\n    echo \"error: The sandbox is not in sync with the Podfile.lock. Run 'pod install' or update your CocoaPods installation.\" >&2\n    exit 1\nfi\n# This output is used by Xcode 'outputs' to avoid re-running this script phase.\necho \"SUCCESS\" > \"${SCRIPT_OUTPUT_FILE_0}\"\n";
			showEnvVarsInLog = 0;
		};
		57C01405F2ED7536EA60BF54 /* [CP] Embed Pods Frameworks */ = {
			isa = PBXShellScriptBuildPhase;
			buildActionMask = 2147483647;
			files = (
			);
			inputFileListPaths = (
				"${PODS_ROOT}/Target Support Files/Pods-Scrive/Pods-Scrive-frameworks-${CONFIGURATION}-input-files.xcfilelist",
			);
			name = "[CP] Embed Pods Frameworks";
			outputFileListPaths = (
				"${PODS_ROOT}/Target Support Files/Pods-Scrive/Pods-Scrive-frameworks-${CONFIGURATION}-output-files.xcfilelist",
			);
			runOnlyForDeploymentPostprocessing = 0;
			shellPath = /bin/sh;
			shellScript = "\"${PODS_ROOT}/Target Support Files/Pods-Scrive/Pods-Scrive-frameworks.sh\"\n";
			showEnvVarsInLog = 0;
		};
/* End PBXShellScriptBuildPhase section */

/* Begin PBXSourcesBuildPhase section */
		2D64B6C529D4B1E0000CBDB8 /* Sources */ = {
			isa = PBXSourcesBuildPhase;
			buildActionMask = 2147483647;
			files = (
				2D6E7D632A0C0FE700A7BD3B /* TbvModel.swift in Sources */,
				2D3B4B2729D4C06500E433D8 /* AppOrientation.swift in Sources */,
				2D3B4AB929D4BF5400E433D8 /* UITableViewExtensions.swift in Sources */,
				2D89A8482A8A1628008A2CFB /* LoginRequestModel.swift in Sources */,
				2D041BF729DFFF9900234843 /* UITextFieldExtensions.swift in Sources */,
				2DCFAF382A0F744300E6986C /* CollectionViewVC.swift in Sources */,
				2D3B4B3029D4C06500E433D8 /* AppFont.swift in Sources */,
				2D3B4B2A29D4C06500E433D8 /* PushNotifications.swift in Sources */,
				2D3B4B2829D4C06500E433D8 /* NoDataView.swift in Sources */,
				2D6E814C2A67C63000F6E33E /* SampleActions.swift in Sources */,
				2D8A9E6F2B47032800F05863 /* CalendarVC.swift in Sources */,
				2D3B4B2629D4C06500E433D8 /* GlobalPrint.swift in Sources */,
				2D6E7D622A0C0FE700A7BD3B /* TableviewVC.swift in Sources */,
				2D89A8422A8A0043008A2CFB /* RestAPIVC.swift in Sources */,
				2D3B4AA829D4BF4500E433D8 /* WKWebModel.swift in Sources */,
				2D3B4ABC29D4BF5400E433D8 /* UIViewControllerExtensions.swift in Sources */,
				2DBD52912A1646FE003F83BF /* CheckBoxVC.swift in Sources */,
				2D6E7D612A0C0FE700A7BD3B /* TbvCell.swift in Sources */,
				F32CA46E2B6C10BC00B26A2D /* ExpandableVC.swift in Sources */,
				F3C7A1452B71BF3C00144171 /* ExpandableTbvCell.swift in Sources */,
				2DCFAF3D2A0F758200E6986C /* CollcViewCell.swift in Sources */,
				F32CA45F2B6C0AD700B26A2D /* SubMenuTbvCell.swift in Sources */,
				2D89A84C2A8A3949008A2CFB /* BottomBar.swift in Sources */,
				F32CA4572B6C099D00B26A2D /* SubMenuData.swift in Sources */,
				2D3B4AA729D4BF4500E433D8 /* WKWebVC.swift in Sources */,
				2D3B4ABF29D4BF5400E433D8 /* UIButtonExtensions.swift in Sources */,
				2D3B4B2529D4C06500E433D8 /* ScreenManager.swift in Sources */,
				2D9E451F2B28382B00A188AD /* DoubleExtensions.swift in Sources */,
				F32CA4692B6C106C00B26A2D /* RowModel.swift in Sources */,
				2DEF9ACA2B31BAF600960995 /* NetworkMonitoring.swift in Sources */,
				2D3B4ABB29D4BF5400E433D8 /* WKWebViewExtensions.swift in Sources */,
				2D3B4ACB29D4BF6A00E433D8 /* ApiEndPoints.swift in Sources */,
				2D8A9E732B47038900F05863 /* CalendarManager.swift in Sources */,
				2D3B4ACC29D4BF6A00E433D8 /* APIManager.swift in Sources */,
				2D3B4AAC29D4BF4500E433D8 /* TopBar.swift in Sources */,
				2DCFAF3A2A0F748E00E6986C /* CollcViewModel.swift in Sources */,
				2DE612D12B34B5D000C47137 /* DateHelper.swift in Sources */,
				F3C7A1472B71C09C00144171 /* ExpandableHeaderTbvCell.swift in Sources */,
				F345847B2BAAC5D9009F68F3 /* LocationManager.swift in Sources */,
				2DE620712AE0C8C600772B9B /* ParentVC.swift in Sources */,
				2D64B6D129D4B1E0000CBDB8 /* BaseViewController.swift in Sources */,
				F32CA4612B6C0B2300B26A2D /* SubMenuVC.swift in Sources */,
				2D3B4ABD29D4BF5400E433D8 /* UIViewExtensions.swift in Sources */,
				F34584792BAAC499009F68F3 /* LocationVC.swift in Sources */,
				2D3B4ABA29D4BF5400E433D8 /* StringExtensions.swift in Sources */,
				2D3B4B2F29D4C06500E433D8 /* Observable.swift in Sources */,
				2D3B4ACD29D4BF6A00E433D8 /* ApiActions.swift in Sources */,
				2D89A8462A8A07C8008A2CFB /* LoginResponseModel.swift in Sources */,
				2D3B4B2229D4C06500E433D8 /* Swizzle.swift in Sources */,
				2D3B4AC029D4BF5400E433D8 /* NSObjectExtensions.swift in Sources */,
				2D3B4B2D29D4C06500E433D8 /* ProgressHUD.swift in Sources */,
				2D3B4B2429D4C06500E433D8 /* UserDefaultsHelper.swift in Sources */,
				2D6E81552A67C83600F6E33E /* ScrollViewVC.swift in Sources */,
				2D3B4ACE29D4BF6A00E433D8 /* ApiResponse.swift in Sources */,
				2D6E7D6A2A0C101F00A7BD3B /* TextFieldVC.swift in Sources */,
				2D3B4B2329D4C06500E433D8 /* CustomAlerts.swift in Sources */,
				2D60979B2A4D94C8004D1ED1 /* EnumModel.swift in Sources */,
				F32CA4682B6C106C00B26A2D /* ExpandableData.swift in Sources */,
				2D3B4ABE29D4BF5400E433D8 /* UILabelExtensions.swift in Sources */,
				2D3B4ACF29D4BF6A00E433D8 /* DecodableDefault.swift in Sources */,
				2D3B4B2B29D4C06500E433D8 /* AppSingleton.swift in Sources */,
				2D3B4AC129D4BF5400E433D8 /* UIColorExtensions.swift in Sources */,
				2D3B4AA029D4BF4500E433D8 /* HomeVC.swift in Sources */,
				2D6E814E2A67C65700F6E33E /* CommonActions.swift in Sources */,
				2DD951182A177B0500A0AF8E /* EnumVC.swift in Sources */,
				2D3B4B2129D4C06500E433D8 /* CheckBoxButton.swift in Sources */,
				2D3B4B2C29D4C06500E433D8 /* AppUtility.swift in Sources */,
				2D3B4AA129D4BF4500E433D8 /* HomeData.swift in Sources */,
				2D3B4A9F29D4BF4500E433D8 /* HomeTbvCell.swift in Sources */,
				2DCFAF3F2A0F760600E6986C /* UICollectionViewExtensions.swift in Sources */,
				2D3B4ACA29D4BF6A00E433D8 /* ApiConstants.swift in Sources */,
				2D64B6CD29D4B1E0000CBDB8 /* AppDelegate.swift in Sources */,
				F32CA4442B6BDC9F00B26A2D /* CustomizedButton.swift in Sources */,
				F32CA46A2B6C106C00B26A2D /* SectionModel.swift in Sources */,
				2D64B6CF29D4B1E0000CBDB8 /* SceneDelegate.swift in Sources */,
				2D3B4AAA29D4BF4500E433D8 /* NavController.swift in Sources */,
				2DE620732AE0C93500772B9B /* ChildVC.swift in Sources */,
				2D3B4B2E29D4C06500E433D8 /* BackspaceTextField.swift in Sources */,
			);
			runOnlyForDeploymentPostprocessing = 0;
		};
/* End PBXSourcesBuildPhase section */

/* Begin XCBuildConfiguration section */
		2D64B6DB29D4B1E2000CBDB8 /* Debug */ = {
			isa = XCBuildConfiguration;
			buildSettings = {
				ALWAYS_SEARCH_USER_PATHS = NO;
				CLANG_ANALYZER_NONNULL = YES;
				CLANG_ANALYZER_NUMBER_OBJECT_CONVERSION = YES_AGGRESSIVE;
				CLANG_CXX_LANGUAGE_STANDARD = "gnu++20";
				CLANG_ENABLE_MODULES = YES;
				CLANG_ENABLE_OBJC_ARC = YES;
				CLANG_ENABLE_OBJC_WEAK = YES;
				CLANG_WARN_BLOCK_CAPTURE_AUTORELEASING = YES;
				CLANG_WARN_BOOL_CONVERSION = YES;
				CLANG_WARN_COMMA = YES;
				CLANG_WARN_CONSTANT_CONVERSION = YES;
				CLANG_WARN_DEPRECATED_OBJC_IMPLEMENTATIONS = YES;
				CLANG_WARN_DIRECT_OBJC_ISA_USAGE = YES_ERROR;
				CLANG_WARN_DOCUMENTATION_COMMENTS = YES;
				CLANG_WARN_EMPTY_BODY = YES;
				CLANG_WARN_ENUM_CONVERSION = YES;
				CLANG_WARN_INFINITE_RECURSION = YES;
				CLANG_WARN_INT_CONVERSION = YES;
				CLANG_WARN_NON_LITERAL_NULL_CONVERSION = YES;
				CLANG_WARN_OBJC_IMPLICIT_RETAIN_SELF = YES;
				CLANG_WARN_OBJC_LITERAL_CONVERSION = YES;
				CLANG_WARN_OBJC_ROOT_CLASS = YES_ERROR;
				CLANG_WARN_QUOTED_INCLUDE_IN_FRAMEWORK_HEADER = YES;
				CLANG_WARN_RANGE_LOOP_ANALYSIS = YES;
				CLANG_WARN_STRICT_PROTOTYPES = YES;
				CLANG_WARN_SUSPICIOUS_MOVE = YES;
				CLANG_WARN_UNGUARDED_AVAILABILITY = YES_AGGRESSIVE;
				CLANG_WARN_UNREACHABLE_CODE = YES;
				CLANG_WARN__DUPLICATE_METHOD_MATCH = YES;
				COPY_PHASE_STRIP = NO;
				DEBUG_INFORMATION_FORMAT = dwarf;
				ENABLE_STRICT_OBJC_MSGSEND = YES;
				ENABLE_TESTABILITY = YES;
				GCC_C_LANGUAGE_STANDARD = gnu11;
				GCC_DYNAMIC_NO_PIC = NO;
				GCC_NO_COMMON_BLOCKS = YES;
				GCC_OPTIMIZATION_LEVEL = 0;
				GCC_PREPROCESSOR_DEFINITIONS = (
					"DEBUG=1",
					"$(inherited)",
				);
				GCC_WARN_64_TO_32_BIT_CONVERSION = YES;
				GCC_WARN_ABOUT_RETURN_TYPE = YES_ERROR;
				GCC_WARN_UNDECLARED_SELECTOR = YES;
				GCC_WARN_UNINITIALIZED_AUTOS = YES_AGGRESSIVE;
				GCC_WARN_UNUSED_FUNCTION = YES;
				GCC_WARN_UNUSED_VARIABLE = YES;
				IPHONEOS_DEPLOYMENT_TARGET = 16.2;
				MTL_ENABLE_DEBUG_INFO = INCLUDE_SOURCE;
				MTL_FAST_MATH = YES;
				ONLY_ACTIVE_ARCH = YES;
				SDKROOT = iphoneos;
				SWIFT_ACTIVE_COMPILATION_CONDITIONS = DEBUG;
				SWIFT_OPTIMIZATION_LEVEL = "-Onone";
			};
			name = Debug;
		};
		2D64B6DC29D4B1E2000CBDB8 /* Release */ = {
			isa = XCBuildConfiguration;
			buildSettings = {
				ALWAYS_SEARCH_USER_PATHS = NO;
				CLANG_ANALYZER_NONNULL = YES;
				CLANG_ANALYZER_NUMBER_OBJECT_CONVERSION = YES_AGGRESSIVE;
				CLANG_CXX_LANGUAGE_STANDARD = "gnu++20";
				CLANG_ENABLE_MODULES = YES;
				CLANG_ENABLE_OBJC_ARC = YES;
				CLANG_ENABLE_OBJC_WEAK = YES;
				CLANG_WARN_BLOCK_CAPTURE_AUTORELEASING = YES;
				CLANG_WARN_BOOL_CONVERSION = YES;
				CLANG_WARN_COMMA = YES;
				CLANG_WARN_CONSTANT_CONVERSION = YES;
				CLANG_WARN_DEPRECATED_OBJC_IMPLEMENTATIONS = YES;
				CLANG_WARN_DIRECT_OBJC_ISA_USAGE = YES_ERROR;
				CLANG_WARN_DOCUMENTATION_COMMENTS = YES;
				CLANG_WARN_EMPTY_BODY = YES;
				CLANG_WARN_ENUM_CONVERSION = YES;
				CLANG_WARN_INFINITE_RECURSION = YES;
				CLANG_WARN_INT_CONVERSION = YES;
				CLANG_WARN_NON_LITERAL_NULL_CONVERSION = YES;
				CLANG_WARN_OBJC_IMPLICIT_RETAIN_SELF = YES;
				CLANG_WARN_OBJC_LITERAL_CONVERSION = YES;
				CLANG_WARN_OBJC_ROOT_CLASS = YES_ERROR;
				CLANG_WARN_QUOTED_INCLUDE_IN_FRAMEWORK_HEADER = YES;
				CLANG_WARN_RANGE_LOOP_ANALYSIS = YES;
				CLANG_WARN_STRICT_PROTOTYPES = YES;
				CLANG_WARN_SUSPICIOUS_MOVE = YES;
				CLANG_WARN_UNGUARDED_AVAILABILITY = YES_AGGRESSIVE;
				CLANG_WARN_UNREACHABLE_CODE = YES;
				CLANG_WARN__DUPLICATE_METHOD_MATCH = YES;
				COPY_PHASE_STRIP = NO;
				DEBUG_INFORMATION_FORMAT = "dwarf-with-dsym";
				ENABLE_NS_ASSERTIONS = NO;
				ENABLE_STRICT_OBJC_MSGSEND = YES;
				GCC_C_LANGUAGE_STANDARD = gnu11;
				GCC_NO_COMMON_BLOCKS = YES;
				GCC_WARN_64_TO_32_BIT_CONVERSION = YES;
				GCC_WARN_ABOUT_RETURN_TYPE = YES_ERROR;
				GCC_WARN_UNDECLARED_SELECTOR = YES;
				GCC_WARN_UNINITIALIZED_AUTOS = YES_AGGRESSIVE;
				GCC_WARN_UNUSED_FUNCTION = YES;
				GCC_WARN_UNUSED_VARIABLE = YES;
				IPHONEOS_DEPLOYMENT_TARGET = 16.2;
				MTL_ENABLE_DEBUG_INFO = NO;
				MTL_FAST_MATH = YES;
				SDKROOT = iphoneos;
				SWIFT_COMPILATION_MODE = wholemodule;
				SWIFT_OPTIMIZATION_LEVEL = "-O";
				VALIDATE_PRODUCT = YES;
			};
			name = Release;
		};
		2D64B6DE29D4B1E2000CBDB8 /* Debug */ = {
			isa = XCBuildConfiguration;
			baseConfigurationReference = 6AFD70DE1405E10376FF15EB /* Pods-Scrive.debug.xcconfig */;
			buildSettings = {
				ASSETCATALOG_COMPILER_APPICON_NAME = AppIcon;
				ASSETCATALOG_COMPILER_GLOBAL_ACCENT_COLOR_NAME = AccentColor;
				CODE_SIGN_STYLE = Automatic;
				CURRENT_PROJECT_VERSION = 1;
				DEVELOPMENT_TEAM = N3V9KBCCA7;
				GENERATE_INFOPLIST_FILE = YES;
				INFOPLIST_FILE = Scrive/Info.plist;
				INFOPLIST_KEY_UIApplicationSupportsIndirectInputEvents = YES;
				INFOPLIST_KEY_UILaunchStoryboardName = LaunchScreen;
				INFOPLIST_KEY_UIMainStoryboardFile = HomeSB;
				INFOPLIST_KEY_UISupportedInterfaceOrientations_iPad = "UIInterfaceOrientationPortrait UIInterfaceOrientationPortraitUpsideDown UIInterfaceOrientationLandscapeLeft UIInterfaceOrientationLandscapeRight";
				INFOPLIST_KEY_UISupportedInterfaceOrientations_iPhone = "UIInterfaceOrientationPortrait UIInterfaceOrientationLandscapeLeft UIInterfaceOrientationLandscapeRight";
				LD_RUNPATH_SEARCH_PATHS = (
					"$(inherited)",
					"@executable_path/Frameworks",
				);
				MARKETING_VERSION = 1.0;
				PRODUCT_BUNDLE_IDENTIFIER = com.Gs19.Scrive;
				PRODUCT_NAME = "$(TARGET_NAME)";
				SWIFT_EMIT_LOC_STRINGS = YES;
				SWIFT_VERSION = 5.0;
				TARGETED_DEVICE_FAMILY = "1,2";
			};
			name = Debug;
		};
		2D64B6DF29D4B1E2000CBDB8 /* Release */ = {
			isa = XCBuildConfiguration;
			baseConfigurationReference = B5F65044677EB0C4D0D8E215 /* Pods-Scrive.release.xcconfig */;
			buildSettings = {
				ASSETCATALOG_COMPILER_APPICON_NAME = AppIcon;
				ASSETCATALOG_COMPILER_GLOBAL_ACCENT_COLOR_NAME = AccentColor;
				CODE_SIGN_STYLE = Automatic;
				CURRENT_PROJECT_VERSION = 1;
				DEVELOPMENT_TEAM = N3V9KBCCA7;
				GENERATE_INFOPLIST_FILE = YES;
				INFOPLIST_FILE = Scrive/Info.plist;
				INFOPLIST_KEY_UIApplicationSupportsIndirectInputEvents = YES;
				INFOPLIST_KEY_UILaunchStoryboardName = LaunchScreen;
				INFOPLIST_KEY_UIMainStoryboardFile = HomeSB;
				INFOPLIST_KEY_UISupportedInterfaceOrientations_iPad = "UIInterfaceOrientationPortrait UIInterfaceOrientationPortraitUpsideDown UIInterfaceOrientationLandscapeLeft UIInterfaceOrientationLandscapeRight";
				INFOPLIST_KEY_UISupportedInterfaceOrientations_iPhone = "UIInterfaceOrientationPortrait UIInterfaceOrientationLandscapeLeft UIInterfaceOrientationLandscapeRight";
				LD_RUNPATH_SEARCH_PATHS = (
					"$(inherited)",
					"@executable_path/Frameworks",
				);
				MARKETING_VERSION = 1.0;
				PRODUCT_BUNDLE_IDENTIFIER = com.Gs19.Scrive;
				PRODUCT_NAME = "$(TARGET_NAME)";
				SWIFT_EMIT_LOC_STRINGS = YES;
				SWIFT_VERSION = 5.0;
				TARGETED_DEVICE_FAMILY = "1,2";
			};
			name = Release;
		};
/* End XCBuildConfiguration section */

/* Begin XCConfigurationList section */
		2D64B6C429D4B1E0000CBDB8 /* Build configuration list for PBXProject "Scrive" */ = {
			isa = XCConfigurationList;
			buildConfigurations = (
				2D64B6DB29D4B1E2000CBDB8 /* Debug */,
				2D64B6DC29D4B1E2000CBDB8 /* Release */,
			);
			defaultConfigurationIsVisible = 0;
			defaultConfigurationName = Release;
		};
		2D64B6DD29D4B1E2000CBDB8 /* Build configuration list for PBXNativeTarget "Scrive" */ = {
			isa = XCConfigurationList;
			buildConfigurations = (
				2D64B6DE29D4B1E2000CBDB8 /* Debug */,
				2D64B6DF29D4B1E2000CBDB8 /* Release */,
			);
			defaultConfigurationIsVisible = 0;
			defaultConfigurationName = Release;
		};
/* End XCConfigurationList section */
	};
	rootObject = 2D64B6C129D4B1E0000CBDB8 /* Project object */;
}
