// !$*UTF8*$!
{
	archiveVersion = 1;
	classes = {
	};
	objectVersion = 56;
	objects = {

/* Begin PBXBuildFile section */
		2D1E8CC02940CD36002CFDFE /* Poppins-Regular.ttf in Resources */ = {isa = PBXBuildFile; fileRef = 2DDB23752940BBEB0017CDD0 /* Poppins-Regular.ttf */; };
		2D2EC148295B11A600F52A28 /* GlobalPrint.swift in Sources */ = {isa = PBXBuildFile; fileRef = 2D2EC147295B11A600F52A28 /* GlobalPrint.swift */; };
		2D2EC14B295B11EE00F52A28 /* AppFont.swift in Sources */ = {isa = PBXBuildFile; fileRef = 2D2EC149295B11EE00F52A28 /* AppFont.swift */; };
		2D2EC14C295B11EE00F52A28 /* AppOrientation.swift in Sources */ = {isa = PBXBuildFile; fileRef = 2D2EC14A295B11EE00F52A28 /* AppOrientation.swift */; };
		2D2EC14E295B121000F52A28 /* AppSingleton.swift in Sources */ = {isa = PBXBuildFile; fileRef = 2D2EC14D295B121000F52A28 /* AppSingleton.swift */; };
		2D2EC150295B136B00F52A28 /* BackspaceTextField.swift in Sources */ = {isa = PBXBuildFile; fileRef = 2D2EC14F295B136B00F52A28 /* BackspaceTextField.swift */; };
		2D2EC152295B170900F52A28 /* Observable.swift in Sources */ = {isa = PBXBuildFile; fileRef = 2D2EC151295B170900F52A28 /* Observable.swift */; };
		2D2EC154295B18CB00F52A28 /* AppUtility.swift in Sources */ = {isa = PBXBuildFile; fileRef = 2D2EC153295B18CB00F52A28 /* AppUtility.swift */; };
		2D4B45B2298842A100A015AB /* ScreenManager.swift in Sources */ = {isa = PBXBuildFile; fileRef = 2D4B45B1298842A100A015AB /* ScreenManager.swift */; };
		2D4B45B42988431400A015AB /* NSObjectExtensions.swift in Sources */ = {isa = PBXBuildFile; fileRef = 2D4B45B32988431400A015AB /* NSObjectExtensions.swift */; };
		2D9C9E7129880B6D006B6A3C /* UIViewControllerExtensions.swift in Sources */ = {isa = PBXBuildFile; fileRef = 2D9C9E7029880B6D006B6A3C /* UIViewControllerExtensions.swift */; };
		2D9C9E7429880C4B006B6A3C /* CustomNavigationController.swift in Sources */ = {isa = PBXBuildFile; fileRef = 2D9C9E7329880C4B006B6A3C /* CustomNavigationController.swift */; };
		2D9C9E7629881052006B6A3C /* CustomAlerts.swift in Sources */ = {isa = PBXBuildFile; fileRef = 2D9C9E7529881052006B6A3C /* CustomAlerts.swift */; };
		2DA8B14E298404AE003A815C /* HomeVC.swift in Sources */ = {isa = PBXBuildFile; fileRef = 2DA8B14D298404AE003A815C /* HomeVC.swift */; };
		2DA8B150298404C9003A815C /* HomeSB.storyboard in Resources */ = {isa = PBXBuildFile; fileRef = 2DA8B14F298404C9003A815C /* HomeSB.storyboard */; };
		2DA8B15229841BEC003A815C /* Swizzle.swift in Sources */ = {isa = PBXBuildFile; fileRef = 2DA8B15129841BEC003A815C /* Swizzle.swift */; };
		2DA8B15429841F5E003A815C /* PushNotifications.swift in Sources */ = {isa = PBXBuildFile; fileRef = 2DA8B15329841F5E003A815C /* PushNotifications.swift */; };
		2DA8B1562984201A003A815C /* GoogleService-Info.plist in Resources */ = {isa = PBXBuildFile; fileRef = 2DA8B1552984201A003A815C /* GoogleService-Info.plist */; };
		2DA8B15C2987A7F9003A815C /* WKWebVC.swift in Sources */ = {isa = PBXBuildFile; fileRef = 2DA8B15B2987A7F9003A815C /* WKWebVC.swift */; };
		2DA8B15E2987A85C003A815C /* WKWebModel.swift in Sources */ = {isa = PBXBuildFile; fileRef = 2DA8B15D2987A85C003A815C /* WKWebModel.swift */; };
		2DA8B1602987A91F003A815C /* WKWebViewExtensions.swift in Sources */ = {isa = PBXBuildFile; fileRef = 2DA8B15F2987A91F003A815C /* WKWebViewExtensions.swift */; };
		2DA8B1622987A9B5003A815C /* WKWebSB.storyboard in Resources */ = {isa = PBXBuildFile; fileRef = 2DA8B1612987A9B5003A815C /* WKWebSB.storyboard */; };
		2DA8B1642987AB39003A815C /* ProgressHUD.swift in Sources */ = {isa = PBXBuildFile; fileRef = 2DA8B1632987AB39003A815C /* ProgressHUD.swift */; };
		2DDB232529406A3F0017CDD0 /* AppDelegate.swift in Sources */ = {isa = PBXBuildFile; fileRef = 2DDB232429406A3F0017CDD0 /* AppDelegate.swift */; };
		2DDB232729406A3F0017CDD0 /* SceneDelegate.swift in Sources */ = {isa = PBXBuildFile; fileRef = 2DDB232629406A3F0017CDD0 /* SceneDelegate.swift */; };
		2DDB232929406A3F0017CDD0 /* BaseViewController.swift in Sources */ = {isa = PBXBuildFile; fileRef = 2DDB232829406A3F0017CDD0 /* BaseViewController.swift */; };
		2DDB232E29406A410017CDD0 /* Assets.xcassets in Resources */ = {isa = PBXBuildFile; fileRef = 2DDB232D29406A410017CDD0 /* Assets.xcassets */; };
		2DDB233129406A410017CDD0 /* LaunchScreen.storyboard in Resources */ = {isa = PBXBuildFile; fileRef = 2DDB232F29406A410017CDD0 /* LaunchScreen.storyboard */; };
		2DDB233929406BD40017CDD0 /* StringExtensions.swift in Sources */ = {isa = PBXBuildFile; fileRef = 2DDB233829406BD40017CDD0 /* StringExtensions.swift */; };
		2DDB233D29406F540017CDD0 /* UserDefaultsHelper.swift in Sources */ = {isa = PBXBuildFile; fileRef = 2DDB233C29406F540017CDD0 /* UserDefaultsHelper.swift */; };
		2DDB233F2940ADF60017CDD0 /* UILabelExtensions.swift in Sources */ = {isa = PBXBuildFile; fileRef = 2DDB233E2940ADF60017CDD0 /* UILabelExtensions.swift */; };
		2DDB23412940AE2B0017CDD0 /* UIButtonExtensions.swift in Sources */ = {isa = PBXBuildFile; fileRef = 2DDB23402940AE2B0017CDD0 /* UIButtonExtensions.swift */; };
		2DDB23432940B1990017CDD0 /* UIViewExtensions.swift in Sources */ = {isa = PBXBuildFile; fileRef = 2DDB23422940B1990017CDD0 /* UIViewExtensions.swift */; };
		2DDB23452940B1FA0017CDD0 /* UIColorExtensions.swift in Sources */ = {isa = PBXBuildFile; fileRef = 2DDB23442940B1FA0017CDD0 /* UIColorExtensions.swift */; };
		2DDB23592940BB420017CDD0 /* RoxboroughCF-Heavy.otf in Resources */ = {isa = PBXBuildFile; fileRef = 2DDB23482940BB420017CDD0 /* RoxboroughCF-Heavy.otf */; };
		2DDB235A2940BB420017CDD0 /* RoxboroughCF-Bold.otf in Resources */ = {isa = PBXBuildFile; fileRef = 2DDB23492940BB420017CDD0 /* RoxboroughCF-Bold.otf */; };
		2DDB235B2940BB420017CDD0 /* RoxboroughCF-Thin.otf in Resources */ = {isa = PBXBuildFile; fileRef = 2DDB234A2940BB420017CDD0 /* RoxboroughCF-Thin.otf */; };
		2DDB235C2940BB420017CDD0 /* RoxboroughCF-Medium.otf in Resources */ = {isa = PBXBuildFile; fileRef = 2DDB234B2940BB420017CDD0 /* RoxboroughCF-Medium.otf */; };
		2DDB235D2940BB420017CDD0 /* RoxboroughCF-Light.otf in Resources */ = {isa = PBXBuildFile; fileRef = 2DDB234C2940BB420017CDD0 /* RoxboroughCF-Light.otf */; };
		2DDB235E2940BB420017CDD0 /* RoxboroughCF-DemiBold.otf in Resources */ = {isa = PBXBuildFile; fileRef = 2DDB234D2940BB420017CDD0 /* RoxboroughCF-DemiBold.otf */; };
		2DDB235F2940BB420017CDD0 /* RoxboroughCF-ExtraBold.otf in Resources */ = {isa = PBXBuildFile; fileRef = 2DDB234E2940BB420017CDD0 /* RoxboroughCF-ExtraBold.otf */; };
		2DDB23602940BB420017CDD0 /* RoxboroughCF-Regular.otf in Resources */ = {isa = PBXBuildFile; fileRef = 2DDB234F2940BB420017CDD0 /* RoxboroughCF-Regular.otf */; };
		2DDB23612940BB420017CDD0 /* ProximaNova-Thin.otf in Resources */ = {isa = PBXBuildFile; fileRef = 2DDB23512940BB420017CDD0 /* ProximaNova-Thin.otf */; };
		2DDB23622940BB420017CDD0 /* ProximaNova-Light.otf in Resources */ = {isa = PBXBuildFile; fileRef = 2DDB23522940BB420017CDD0 /* ProximaNova-Light.otf */; };
		2DDB23632940BB420017CDD0 /* ProximaNova-Semibold.otf in Resources */ = {isa = PBXBuildFile; fileRef = 2DDB23532940BB420017CDD0 /* ProximaNova-Semibold.otf */; };
		2DDB23642940BB420017CDD0 /* ProximaNova-Bold.otf in Resources */ = {isa = PBXBuildFile; fileRef = 2DDB23542940BB420017CDD0 /* ProximaNova-Bold.otf */; };
		2DDB23652940BB420017CDD0 /* ProximaNova-Medium.otf in Resources */ = {isa = PBXBuildFile; fileRef = 2DDB23552940BB420017CDD0 /* ProximaNova-Medium.otf */; };
		2DDB23662940BB420017CDD0 /* ProximaNova-Black.otf in Resources */ = {isa = PBXBuildFile; fileRef = 2DDB23562940BB420017CDD0 /* ProximaNova-Black.otf */; };
		2DDB23672940BB420017CDD0 /* ProximaNova-Regular.otf in Resources */ = {isa = PBXBuildFile; fileRef = 2DDB23572940BB420017CDD0 /* ProximaNova-Regular.otf */; };
		2DDB23682940BB420017CDD0 /* Colors.xcassets in Resources */ = {isa = PBXBuildFile; fileRef = 2DDB23582940BB420017CDD0 /* Colors.xcassets */; };
		2DDB237D2940BBEB0017CDD0 /* Poppins-ExtraLight.ttf in Resources */ = {isa = PBXBuildFile; fileRef = 2DDB236B2940BBEB0017CDD0 /* Poppins-ExtraLight.ttf */; };
		2DDB23812940BBEB0017CDD0 /* Poppins-Light.ttf in Resources */ = {isa = PBXBuildFile; fileRef = 2DDB236F2940BBEB0017CDD0 /* Poppins-Light.ttf */; };
		2DDB23822940BBEB0017CDD0 /* Poppins-Medium.ttf in Resources */ = {isa = PBXBuildFile; fileRef = 2DDB23702940BBEB0017CDD0 /* Poppins-Medium.ttf */; };
		2DDB23852940BBEB0017CDD0 /* Poppins-ExtraBold.ttf in Resources */ = {isa = PBXBuildFile; fileRef = 2DDB23732940BBEB0017CDD0 /* Poppins-ExtraBold.ttf */; };
		2DDB23892940BBEB0017CDD0 /* Poppins-Bold.ttf in Resources */ = {isa = PBXBuildFile; fileRef = 2DDB23772940BBEB0017CDD0 /* Poppins-Bold.ttf */; };
		2DDB238A2940BBEB0017CDD0 /* Poppins-Black.ttf in Resources */ = {isa = PBXBuildFile; fileRef = 2DDB23782940BBEB0017CDD0 /* Poppins-Black.ttf */; };
		2DDB238B2940BBEB0017CDD0 /* Poppins-Thin.ttf in Resources */ = {isa = PBXBuildFile; fileRef = 2DDB23792940BBEB0017CDD0 /* Poppins-Thin.ttf */; };
		2DDB238C2940BBEB0017CDD0 /* Poppins-SemiBold.ttf in Resources */ = {isa = PBXBuildFile; fileRef = 2DDB237A2940BBEB0017CDD0 /* Poppins-SemiBold.ttf */; };
		2DDB238D2940BBEB0017CDD0 /* Poppins-Italic.ttf in Resources */ = {isa = PBXBuildFile; fileRef = 2DDB237B2940BBEB0017CDD0 /* Poppins-Italic.ttf */; };
		37BA1662B4A09ADF91C31642 /* Pods_Scrive.framework in Frameworks */ = {isa = PBXBuildFile; fileRef = D21A389C8F9BB7EC85C9AED2 /* Pods_Scrive.framework */; };
/* End PBXBuildFile section */

/* Begin PBXFileReference section */
		2D2EC147295B11A600F52A28 /* GlobalPrint.swift */ = {isa = PBXFileReference; fileEncoding = 4; lastKnownFileType = sourcecode.swift; path = GlobalPrint.swift; sourceTree = "<group>"; };
		2D2EC149295B11EE00F52A28 /* AppFont.swift */ = {isa = PBXFileReference; fileEncoding = 4; lastKnownFileType = sourcecode.swift; path = AppFont.swift; sourceTree = "<group>"; };
		2D2EC14A295B11EE00F52A28 /* AppOrientation.swift */ = {isa = PBXFileReference; fileEncoding = 4; lastKnownFileType = sourcecode.swift; path = AppOrientation.swift; sourceTree = "<group>"; };
		2D2EC14D295B121000F52A28 /* AppSingleton.swift */ = {isa = PBXFileReference; fileEncoding = 4; lastKnownFileType = sourcecode.swift; path = AppSingleton.swift; sourceTree = "<group>"; };
		2D2EC14F295B136B00F52A28 /* BackspaceTextField.swift */ = {isa = PBXFileReference; fileEncoding = 4; lastKnownFileType = sourcecode.swift; path = BackspaceTextField.swift; sourceTree = "<group>"; };
		2D2EC151295B170900F52A28 /* Observable.swift */ = {isa = PBXFileReference; lastKnownFileType = sourcecode.swift; path = Observable.swift; sourceTree = "<group>"; };
		2D2EC153295B18CB00F52A28 /* AppUtility.swift */ = {isa = PBXFileReference; lastKnownFileType = sourcecode.swift; path = AppUtility.swift; sourceTree = "<group>"; };
		2D4B45B1298842A100A015AB /* ScreenManager.swift */ = {isa = PBXFileReference; fileEncoding = 4; lastKnownFileType = sourcecode.swift; path = ScreenManager.swift; sourceTree = "<group>"; };
		2D4B45B32988431400A015AB /* NSObjectExtensions.swift */ = {isa = PBXFileReference; fileEncoding = 4; lastKnownFileType = sourcecode.swift; path = NSObjectExtensions.swift; sourceTree = "<group>"; };
		2D9C9E7029880B6D006B6A3C /* UIViewControllerExtensions.swift */ = {isa = PBXFileReference; fileEncoding = 4; lastKnownFileType = sourcecode.swift; path = UIViewControllerExtensions.swift; sourceTree = "<group>"; };
		2D9C9E7329880C4B006B6A3C /* CustomNavigationController.swift */ = {isa = PBXFileReference; fileEncoding = 4; lastKnownFileType = sourcecode.swift; path = CustomNavigationController.swift; sourceTree = "<group>"; };
		2D9C9E7529881052006B6A3C /* CustomAlerts.swift */ = {isa = PBXFileReference; lastKnownFileType = sourcecode.swift; path = CustomAlerts.swift; sourceTree = "<group>"; };
		2DA8B14D298404AE003A815C /* HomeVC.swift */ = {isa = PBXFileReference; lastKnownFileType = sourcecode.swift; path = HomeVC.swift; sourceTree = "<group>"; };
		2DA8B14F298404C9003A815C /* HomeSB.storyboard */ = {isa = PBXFileReference; lastKnownFileType = file.storyboard; path = HomeSB.storyboard; sourceTree = "<group>"; };
		2DA8B15129841BEC003A815C /* Swizzle.swift */ = {isa = PBXFileReference; lastKnownFileType = sourcecode.swift; path = Swizzle.swift; sourceTree = "<group>"; };
		2DA8B15329841F5E003A815C /* PushNotifications.swift */ = {isa = PBXFileReference; fileEncoding = 4; lastKnownFileType = sourcecode.swift; path = PushNotifications.swift; sourceTree = "<group>"; };
		2DA8B1552984201A003A815C /* GoogleService-Info.plist */ = {isa = PBXFileReference; fileEncoding = 4; lastKnownFileType = text.plist.xml; path = "GoogleService-Info.plist"; sourceTree = "<group>"; };
		2DA8B15B2987A7F9003A815C /* WKWebVC.swift */ = {isa = PBXFileReference; fileEncoding = 4; lastKnownFileType = sourcecode.swift; path = WKWebVC.swift; sourceTree = "<group>"; };
		2DA8B15D2987A85C003A815C /* WKWebModel.swift */ = {isa = PBXFileReference; fileEncoding = 4; lastKnownFileType = sourcecode.swift; path = WKWebModel.swift; sourceTree = "<group>"; };
		2DA8B15F2987A91F003A815C /* WKWebViewExtensions.swift */ = {isa = PBXFileReference; fileEncoding = 4; lastKnownFileType = sourcecode.swift; path = WKWebViewExtensions.swift; sourceTree = "<group>"; };
		2DA8B1612987A9B5003A815C /* WKWebSB.storyboard */ = {isa = PBXFileReference; fileEncoding = 4; lastKnownFileType = file.storyboard; path = WKWebSB.storyboard; sourceTree = "<group>"; };
		2DA8B1632987AB39003A815C /* ProgressHUD.swift */ = {isa = PBXFileReference; lastKnownFileType = sourcecode.swift; path = ProgressHUD.swift; sourceTree = "<group>"; };
		2DDB232129406A3F0017CDD0 /* Scrive.app */ = {isa = PBXFileReference; explicitFileType = wrapper.application; includeInIndex = 0; path = Scrive.app; sourceTree = BUILT_PRODUCTS_DIR; };
		2DDB232429406A3F0017CDD0 /* AppDelegate.swift */ = {isa = PBXFileReference; lastKnownFileType = sourcecode.swift; path = AppDelegate.swift; sourceTree = "<group>"; };
		2DDB232629406A3F0017CDD0 /* SceneDelegate.swift */ = {isa = PBXFileReference; lastKnownFileType = sourcecode.swift; path = SceneDelegate.swift; sourceTree = "<group>"; };
		2DDB232829406A3F0017CDD0 /* BaseViewController.swift */ = {isa = PBXFileReference; lastKnownFileType = sourcecode.swift; path = BaseViewController.swift; sourceTree = "<group>"; };
		2DDB232D29406A410017CDD0 /* Assets.xcassets */ = {isa = PBXFileReference; lastKnownFileType = folder.assetcatalog; path = Assets.xcassets; sourceTree = "<group>"; };
		2DDB233029406A410017CDD0 /* Base */ = {isa = PBXFileReference; lastKnownFileType = file.storyboard; name = Base; path = Base.lproj/LaunchScreen.storyboard; sourceTree = "<group>"; };
		2DDB233229406A410017CDD0 /* Info.plist */ = {isa = PBXFileReference; lastKnownFileType = text.plist.xml; path = Info.plist; sourceTree = "<group>"; };
		2DDB233829406BD40017CDD0 /* StringExtensions.swift */ = {isa = PBXFileReference; fileEncoding = 4; lastKnownFileType = sourcecode.swift; path = StringExtensions.swift; sourceTree = "<group>"; };
		2DDB233C29406F540017CDD0 /* UserDefaultsHelper.swift */ = {isa = PBXFileReference; lastKnownFileType = sourcecode.swift; path = UserDefaultsHelper.swift; sourceTree = "<group>"; };
		2DDB233E2940ADF60017CDD0 /* UILabelExtensions.swift */ = {isa = PBXFileReference; fileEncoding = 4; lastKnownFileType = sourcecode.swift; path = UILabelExtensions.swift; sourceTree = "<group>"; };
		2DDB23402940AE2B0017CDD0 /* UIButtonExtensions.swift */ = {isa = PBXFileReference; fileEncoding = 4; lastKnownFileType = sourcecode.swift; path = UIButtonExtensions.swift; sourceTree = "<group>"; };
		2DDB23422940B1990017CDD0 /* UIViewExtensions.swift */ = {isa = PBXFileReference; fileEncoding = 4; lastKnownFileType = sourcecode.swift; path = UIViewExtensions.swift; sourceTree = "<group>"; };
		2DDB23442940B1FA0017CDD0 /* UIColorExtensions.swift */ = {isa = PBXFileReference; fileEncoding = 4; lastKnownFileType = sourcecode.swift; path = UIColorExtensions.swift; sourceTree = "<group>"; };
		2DDB23482940BB420017CDD0 /* RoxboroughCF-Heavy.otf */ = {isa = PBXFileReference; lastKnownFileType = file; path = "RoxboroughCF-Heavy.otf"; sourceTree = "<group>"; };
		2DDB23492940BB420017CDD0 /* RoxboroughCF-Bold.otf */ = {isa = PBXFileReference; lastKnownFileType = file; path = "RoxboroughCF-Bold.otf"; sourceTree = "<group>"; };
		2DDB234A2940BB420017CDD0 /* RoxboroughCF-Thin.otf */ = {isa = PBXFileReference; lastKnownFileType = file; path = "RoxboroughCF-Thin.otf"; sourceTree = "<group>"; };
		2DDB234B2940BB420017CDD0 /* RoxboroughCF-Medium.otf */ = {isa = PBXFileReference; lastKnownFileType = file; path = "RoxboroughCF-Medium.otf"; sourceTree = "<group>"; };
		2DDB234C2940BB420017CDD0 /* RoxboroughCF-Light.otf */ = {isa = PBXFileReference; lastKnownFileType = file; path = "RoxboroughCF-Light.otf"; sourceTree = "<group>"; };
		2DDB234D2940BB420017CDD0 /* RoxboroughCF-DemiBold.otf */ = {isa = PBXFileReference; lastKnownFileType = file; path = "RoxboroughCF-DemiBold.otf"; sourceTree = "<group>"; };
		2DDB234E2940BB420017CDD0 /* RoxboroughCF-ExtraBold.otf */ = {isa = PBXFileReference; lastKnownFileType = file; path = "RoxboroughCF-ExtraBold.otf"; sourceTree = "<group>"; };
		2DDB234F2940BB420017CDD0 /* RoxboroughCF-Regular.otf */ = {isa = PBXFileReference; lastKnownFileType = file; path = "RoxboroughCF-Regular.otf"; sourceTree = "<group>"; };
		2DDB23512940BB420017CDD0 /* ProximaNova-Thin.otf */ = {isa = PBXFileReference; lastKnownFileType = file; path = "ProximaNova-Thin.otf"; sourceTree = "<group>"; };
		2DDB23522940BB420017CDD0 /* ProximaNova-Light.otf */ = {isa = PBXFileReference; lastKnownFileType = file; path = "ProximaNova-Light.otf"; sourceTree = "<group>"; };
		2DDB23532940BB420017CDD0 /* ProximaNova-Semibold.otf */ = {isa = PBXFileReference; lastKnownFileType = file; path = "ProximaNova-Semibold.otf"; sourceTree = "<group>"; };
		2DDB23542940BB420017CDD0 /* ProximaNova-Bold.otf */ = {isa = PBXFileReference; lastKnownFileType = file; path = "ProximaNova-Bold.otf"; sourceTree = "<group>"; };
		2DDB23552940BB420017CDD0 /* ProximaNova-Medium.otf */ = {isa = PBXFileReference; lastKnownFileType = file; path = "ProximaNova-Medium.otf"; sourceTree = "<group>"; };
		2DDB23562940BB420017CDD0 /* ProximaNova-Black.otf */ = {isa = PBXFileReference; lastKnownFileType = file; path = "ProximaNova-Black.otf"; sourceTree = "<group>"; };
		2DDB23572940BB420017CDD0 /* ProximaNova-Regular.otf */ = {isa = PBXFileReference; lastKnownFileType = file; path = "ProximaNova-Regular.otf"; sourceTree = "<group>"; };
		2DDB23582940BB420017CDD0 /* Colors.xcassets */ = {isa = PBXFileReference; lastKnownFileType = folder.assetcatalog; path = Colors.xcassets; sourceTree = "<group>"; };
		2DDB236B2940BBEB0017CDD0 /* Poppins-ExtraLight.ttf */ = {isa = PBXFileReference; lastKnownFileType = file; path = "Poppins-ExtraLight.ttf"; sourceTree = "<group>"; };
		2DDB236F2940BBEB0017CDD0 /* Poppins-Light.ttf */ = {isa = PBXFileReference; lastKnownFileType = file; path = "Poppins-Light.ttf"; sourceTree = "<group>"; };
		2DDB23702940BBEB0017CDD0 /* Poppins-Medium.ttf */ = {isa = PBXFileReference; lastKnownFileType = file; path = "Poppins-Medium.ttf"; sourceTree = "<group>"; };
		2DDB23732940BBEB0017CDD0 /* Poppins-ExtraBold.ttf */ = {isa = PBXFileReference; lastKnownFileType = file; path = "Poppins-ExtraBold.ttf"; sourceTree = "<group>"; };
		2DDB23752940BBEB0017CDD0 /* Poppins-Regular.ttf */ = {isa = PBXFileReference; lastKnownFileType = file; path = "Poppins-Regular.ttf"; sourceTree = "<group>"; };
		2DDB23772940BBEB0017CDD0 /* Poppins-Bold.ttf */ = {isa = PBXFileReference; lastKnownFileType = file; path = "Poppins-Bold.ttf"; sourceTree = "<group>"; };
		2DDB23782940BBEB0017CDD0 /* Poppins-Black.ttf */ = {isa = PBXFileReference; lastKnownFileType = file; path = "Poppins-Black.ttf"; sourceTree = "<group>"; };
		2DDB23792940BBEB0017CDD0 /* Poppins-Thin.ttf */ = {isa = PBXFileReference; lastKnownFileType = file; path = "Poppins-Thin.ttf"; sourceTree = "<group>"; };
		2DDB237A2940BBEB0017CDD0 /* Poppins-SemiBold.ttf */ = {isa = PBXFileReference; lastKnownFileType = file; path = "Poppins-SemiBold.ttf"; sourceTree = "<group>"; };
		2DDB237B2940BBEB0017CDD0 /* Poppins-Italic.ttf */ = {isa = PBXFileReference; lastKnownFileType = file; path = "Poppins-Italic.ttf"; sourceTree = "<group>"; };
		3591872F135A93F8DCF3FD1D /* Pods-Scrive.release.xcconfig */ = {isa = PBXFileReference; includeInIndex = 1; lastKnownFileType = text.xcconfig; name = "Pods-Scrive.release.xcconfig"; path = "Target Support Files/Pods-Scrive/Pods-Scrive.release.xcconfig"; sourceTree = "<group>"; };
		D21A389C8F9BB7EC85C9AED2 /* Pods_Scrive.framework */ = {isa = PBXFileReference; explicitFileType = wrapper.framework; includeInIndex = 0; path = Pods_Scrive.framework; sourceTree = BUILT_PRODUCTS_DIR; };
		DE3AA987A6992EF18540A16B /* Pods-Scrive.debug.xcconfig */ = {isa = PBXFileReference; includeInIndex = 1; lastKnownFileType = text.xcconfig; name = "Pods-Scrive.debug.xcconfig"; path = "Target Support Files/Pods-Scrive/Pods-Scrive.debug.xcconfig"; sourceTree = "<group>"; };
/* End PBXFileReference section */

/* Begin PBXFrameworksBuildPhase section */
		2DDB231E29406A3F0017CDD0 /* Frameworks */ = {
			isa = PBXFrameworksBuildPhase;
			buildActionMask = 2147483647;
			files = (
				37BA1662B4A09ADF91C31642 /* Pods_Scrive.framework in Frameworks */,
			);
			runOnlyForDeploymentPostprocessing = 0;
		};
/* End PBXFrameworksBuildPhase section */

/* Begin PBXGroup section */
		2D9C9E7229880C24006B6A3C /* CustomNavigationController */ = {
			isa = PBXGroup;
			children = (
				2D9C9E7329880C4B006B6A3C /* CustomNavigationController.swift */,
			);
			path = CustomNavigationController;
			sourceTree = "<group>";
		};
		2DA8B148298403B2003A815C /* SourceCode */ = {
			isa = PBXGroup;
			children = (
				2D9C9E7229880C24006B6A3C /* CustomNavigationController */,
				2DA8B14929840442003A815C /* Home */,
				2DA8B1572987A720003A815C /* WKWebView */,
			);
			path = SourceCode;
			sourceTree = "<group>";
		};
		2DA8B14929840442003A815C /* Home */ = {
			isa = PBXGroup;
			children = (
				2DA8B14A29840451003A815C /* Model */,
				2DA8B14C29840460003A815C /* View */,
				2DA8B14B29840458003A815C /* Controller */,
			);
			path = Home;
			sourceTree = "<group>";
		};
		2DA8B14A29840451003A815C /* Model */ = {
			isa = PBXGroup;
			children = (
			);
			path = Model;
			sourceTree = "<group>";
		};
		2DA8B14B29840458003A815C /* Controller */ = {
			isa = PBXGroup;
			children = (
				2DA8B14D298404AE003A815C /* HomeVC.swift */,
			);
			path = Controller;
			sourceTree = "<group>";
		};
		2DA8B14C29840460003A815C /* View */ = {
			isa = PBXGroup;
			children = (
				2DA8B14F298404C9003A815C /* HomeSB.storyboard */,
			);
			path = View;
			sourceTree = "<group>";
		};
		2DA8B1572987A720003A815C /* WKWebView */ = {
			isa = PBXGroup;
			children = (
				2DA8B15A2987A742003A815C /* Model */,
				2DA8B1592987A73C003A815C /* View */,
				2DA8B1582987A72E003A815C /* Controller */,
			);
			path = WKWebView;
			sourceTree = "<group>";
		};
		2DA8B1582987A72E003A815C /* Controller */ = {
			isa = PBXGroup;
			children = (
				2DA8B15B2987A7F9003A815C /* WKWebVC.swift */,
			);
			path = Controller;
			sourceTree = "<group>";
		};
		2DA8B1592987A73C003A815C /* View */ = {
			isa = PBXGroup;
			children = (
				2DA8B1612987A9B5003A815C /* WKWebSB.storyboard */,
			);
			path = View;
			sourceTree = "<group>";
		};
		2DA8B15A2987A742003A815C /* Model */ = {
			isa = PBXGroup;
			children = (
				2DA8B15D2987A85C003A815C /* WKWebModel.swift */,
			);
			path = Model;
			sourceTree = "<group>";
		};
		2DDB231829406A3F0017CDD0 = {
			isa = PBXGroup;
			children = (
				2DDB232329406A3F0017CDD0 /* Scrive */,
				2DDB232229406A3F0017CDD0 /* Products */,
				AE112D8BD826AF41C3C01A9F /* Pods */,
				781B9412BD0849BF8121CDB7 /* Frameworks */,
			);
			sourceTree = "<group>";
		};
		2DDB232229406A3F0017CDD0 /* Products */ = {
			isa = PBXGroup;
			children = (
				2DDB232129406A3F0017CDD0 /* Scrive.app */,
			);
			name = Products;
			sourceTree = "<group>";
		};
		2DDB232329406A3F0017CDD0 /* Scrive */ = {
			isa = PBXGroup;
			children = (
				2DDB232429406A3F0017CDD0 /* AppDelegate.swift */,
				2DDB232629406A3F0017CDD0 /* SceneDelegate.swift */,
				2DDB232829406A3F0017CDD0 /* BaseViewController.swift */,
				2DA8B148298403B2003A815C /* SourceCode */,
				2DDB233A29406BE80017CDD0 /* Extensions */,
				2DDB233B29406F350017CDD0 /* HelperClasses */,
				2DDB23692940BB470017CDD0 /* Resources */,
				2DDB232F29406A410017CDD0 /* LaunchScreen.storyboard */,
				2DDB233229406A410017CDD0 /* Info.plist */,
				2DA8B1552984201A003A815C /* GoogleService-Info.plist */,
			);
			path = Scrive;
			sourceTree = "<group>";
		};
		2DDB233A29406BE80017CDD0 /* Extensions */ = {
			isa = PBXGroup;
			children = (
				2DDB233829406BD40017CDD0 /* StringExtensions.swift */,
				2DDB23422940B1990017CDD0 /* UIViewExtensions.swift */,
				2DDB233E2940ADF60017CDD0 /* UILabelExtensions.swift */,
				2DDB23402940AE2B0017CDD0 /* UIButtonExtensions.swift */,
				2DDB23442940B1FA0017CDD0 /* UIColorExtensions.swift */,
				2DA8B15F2987A91F003A815C /* WKWebViewExtensions.swift */,
				2D9C9E7029880B6D006B6A3C /* UIViewControllerExtensions.swift */,
				2D4B45B32988431400A015AB /* NSObjectExtensions.swift */,
			);
			path = Extensions;
			sourceTree = "<group>";
		};
		2DDB233B29406F350017CDD0 /* HelperClasses */ = {
			isa = PBXGroup;
			children = (
				2D2EC14F295B136B00F52A28 /* BackspaceTextField.swift */,
				2DDB233C29406F540017CDD0 /* UserDefaultsHelper.swift */,
				2D2EC147295B11A600F52A28 /* GlobalPrint.swift */,
				2D2EC149295B11EE00F52A28 /* AppFont.swift */,
				2D2EC14A295B11EE00F52A28 /* AppOrientation.swift */,
				2D2EC14D295B121000F52A28 /* AppSingleton.swift */,
				2D2EC151295B170900F52A28 /* Observable.swift */,
				2D2EC153295B18CB00F52A28 /* AppUtility.swift */,
				2DA8B15129841BEC003A815C /* Swizzle.swift */,
				2DA8B15329841F5E003A815C /* PushNotifications.swift */,
				2DA8B1632987AB39003A815C /* ProgressHUD.swift */,
				2D9C9E7529881052006B6A3C /* CustomAlerts.swift */,
				2D4B45B1298842A100A015AB /* ScreenManager.swift */,
			);
			path = HelperClasses;
			sourceTree = "<group>";
		};
		2DDB23462940BB420017CDD0 /* Fonts */ = {
			isa = PBXGroup;
			children = (
				2DDB236A2940BBEB0017CDD0 /* Poppins */,
				2DDB23472940BB420017CDD0 /* RoxboroughCF */,
				2DDB23502940BB420017CDD0 /* ProximaNova */,
			);
			path = Fonts;
			sourceTree = "<group>";
		};
		2DDB23472940BB420017CDD0 /* RoxboroughCF */ = {
			isa = PBXGroup;
			children = (
				2DDB23482940BB420017CDD0 /* RoxboroughCF-Heavy.otf */,
				2DDB23492940BB420017CDD0 /* RoxboroughCF-Bold.otf */,
				2DDB234A2940BB420017CDD0 /* RoxboroughCF-Thin.otf */,
				2DDB234B2940BB420017CDD0 /* RoxboroughCF-Medium.otf */,
				2DDB234C2940BB420017CDD0 /* RoxboroughCF-Light.otf */,
				2DDB234D2940BB420017CDD0 /* RoxboroughCF-DemiBold.otf */,
				2DDB234E2940BB420017CDD0 /* RoxboroughCF-ExtraBold.otf */,
				2DDB234F2940BB420017CDD0 /* RoxboroughCF-Regular.otf */,
			);
			path = RoxboroughCF;
			sourceTree = "<group>";
		};
		2DDB23502940BB420017CDD0 /* ProximaNova */ = {
			isa = PBXGroup;
			children = (
				2DDB23512940BB420017CDD0 /* ProximaNova-Thin.otf */,
				2DDB23522940BB420017CDD0 /* ProximaNova-Light.otf */,
				2DDB23532940BB420017CDD0 /* ProximaNova-Semibold.otf */,
				2DDB23542940BB420017CDD0 /* ProximaNova-Bold.otf */,
				2DDB23552940BB420017CDD0 /* ProximaNova-Medium.otf */,
				2DDB23562940BB420017CDD0 /* ProximaNova-Black.otf */,
				2DDB23572940BB420017CDD0 /* ProximaNova-Regular.otf */,
			);
			path = ProximaNova;
			sourceTree = "<group>";
		};
		2DDB23692940BB470017CDD0 /* Resources */ = {
			isa = PBXGroup;
			children = (
				2DDB23462940BB420017CDD0 /* Fonts */,
				2DDB232D29406A410017CDD0 /* Assets.xcassets */,
				2DDB23582940BB420017CDD0 /* Colors.xcassets */,
			);
			path = Resources;
			sourceTree = "<group>";
		};
		2DDB236A2940BBEB0017CDD0 /* Poppins */ = {
			isa = PBXGroup;
			children = (
				2DDB236B2940BBEB0017CDD0 /* Poppins-ExtraLight.ttf */,
				2DDB236F2940BBEB0017CDD0 /* Poppins-Light.ttf */,
				2DDB23702940BBEB0017CDD0 /* Poppins-Medium.ttf */,
				2DDB23732940BBEB0017CDD0 /* Poppins-ExtraBold.ttf */,
				2DDB23752940BBEB0017CDD0 /* Poppins-Regular.ttf */,
				2DDB23772940BBEB0017CDD0 /* Poppins-Bold.ttf */,
				2DDB23782940BBEB0017CDD0 /* Poppins-Black.ttf */,
				2DDB23792940BBEB0017CDD0 /* Poppins-Thin.ttf */,
				2DDB237A2940BBEB0017CDD0 /* Poppins-SemiBold.ttf */,
				2DDB237B2940BBEB0017CDD0 /* Poppins-Italic.ttf */,
			);
			path = Poppins;
			sourceTree = "<group>";
		};
		781B9412BD0849BF8121CDB7 /* Frameworks */ = {
			isa = PBXGroup;
			children = (
				D21A389C8F9BB7EC85C9AED2 /* Pods_Scrive.framework */,
			);
			name = Frameworks;
			sourceTree = "<group>";
		};
		AE112D8BD826AF41C3C01A9F /* Pods */ = {
			isa = PBXGroup;
			children = (
				DE3AA987A6992EF18540A16B /* Pods-Scrive.debug.xcconfig */,
				3591872F135A93F8DCF3FD1D /* Pods-Scrive.release.xcconfig */,
			);
			path = Pods;
			sourceTree = "<group>";
		};
/* End PBXGroup section */

/* Begin PBXNativeTarget section */
		2DDB232029406A3F0017CDD0 /* Scrive */ = {
			isa = PBXNativeTarget;
			buildConfigurationList = 2DDB233529406A410017CDD0 /* Build configuration list for PBXNativeTarget "Scrive" */;
			buildPhases = (
				FB6424CDA9129C511BAD9D77 /* [CP] Check Pods Manifest.lock */,
				2DDB231D29406A3F0017CDD0 /* Sources */,
				2DDB231E29406A3F0017CDD0 /* Frameworks */,
				2DDB231F29406A3F0017CDD0 /* Resources */,
				58CBF62B7C96EF64F6770D12 /* [CP] Embed Pods Frameworks */,
			);
			buildRules = (
			);
			dependencies = (
			);
			name = Scrive;
			productName = Scrive;
			productReference = 2DDB232129406A3F0017CDD0 /* Scrive.app */;
			productType = "com.apple.product-type.application";
		};
/* End PBXNativeTarget section */

/* Begin PBXProject section */
		2DDB231929406A3F0017CDD0 /* Project object */ = {
			isa = PBXProject;
			attributes = {
				BuildIndependentTargetsInParallel = 1;
				LastSwiftUpdateCheck = 1410;
				LastUpgradeCheck = 1410;
				TargetAttributes = {
					2DDB232029406A3F0017CDD0 = {
						CreatedOnToolsVersion = 14.1;
					};
				};
			};
			buildConfigurationList = 2DDB231C29406A3F0017CDD0 /* Build configuration list for PBXProject "Scrive" */;
			compatibilityVersion = "Xcode 14.0";
			developmentRegion = en;
			hasScannedForEncodings = 0;
			knownRegions = (
				en,
				Base,
			);
			mainGroup = 2DDB231829406A3F0017CDD0;
			productRefGroup = 2DDB232229406A3F0017CDD0 /* Products */;
			projectDirPath = "";
			projectRoot = "";
			targets = (
				2DDB232029406A3F0017CDD0 /* Scrive */,
			);
		};
/* End PBXProject section */

/* Begin PBXResourcesBuildPhase section */
		2DDB231F29406A3F0017CDD0 /* Resources */ = {
			isa = PBXResourcesBuildPhase;
			buildActionMask = 2147483647;
			files = (
				2DDB237D2940BBEB0017CDD0 /* Poppins-ExtraLight.ttf in Resources */,
				2DDB235A2940BB420017CDD0 /* RoxboroughCF-Bold.otf in Resources */,
				2DDB233129406A410017CDD0 /* LaunchScreen.storyboard in Resources */,
				2DDB238B2940BBEB0017CDD0 /* Poppins-Thin.ttf in Resources */,
				2DDB23892940BBEB0017CDD0 /* Poppins-Bold.ttf in Resources */,
				2D1E8CC02940CD36002CFDFE /* Poppins-Regular.ttf in Resources */,
				2DDB235D2940BB420017CDD0 /* RoxboroughCF-Light.otf in Resources */,
				2DDB23822940BBEB0017CDD0 /* Poppins-Medium.ttf in Resources */,
				2DDB23622940BB420017CDD0 /* ProximaNova-Light.otf in Resources */,
				2DDB235E2940BB420017CDD0 /* RoxboroughCF-DemiBold.otf in Resources */,
				2DDB235B2940BB420017CDD0 /* RoxboroughCF-Thin.otf in Resources */,
				2DDB238C2940BBEB0017CDD0 /* Poppins-SemiBold.ttf in Resources */,
				2DDB23602940BB420017CDD0 /* RoxboroughCF-Regular.otf in Resources */,
				2DDB235C2940BB420017CDD0 /* RoxboroughCF-Medium.otf in Resources */,
				2DDB232E29406A410017CDD0 /* Assets.xcassets in Resources */,
				2DA8B1622987A9B5003A815C /* WKWebSB.storyboard in Resources */,
				2DDB23642940BB420017CDD0 /* ProximaNova-Bold.otf in Resources */,
				2DDB23672940BB420017CDD0 /* ProximaNova-Regular.otf in Resources */,
				2DA8B1562984201A003A815C /* GoogleService-Info.plist in Resources */,
				2DDB23682940BB420017CDD0 /* Colors.xcassets in Resources */,
				2DDB23592940BB420017CDD0 /* RoxboroughCF-Heavy.otf in Resources */,
				2DDB235F2940BB420017CDD0 /* RoxboroughCF-ExtraBold.otf in Resources */,
				2DDB23812940BBEB0017CDD0 /* Poppins-Light.ttf in Resources */,
				2DDB23612940BB420017CDD0 /* ProximaNova-Thin.otf in Resources */,
				2DDB23852940BBEB0017CDD0 /* Poppins-ExtraBold.ttf in Resources */,
				2DA8B150298404C9003A815C /* HomeSB.storyboard in Resources */,
				2DDB238D2940BBEB0017CDD0 /* Poppins-Italic.ttf in Resources */,
				2DDB23632940BB420017CDD0 /* ProximaNova-Semibold.otf in Resources */,
				2DDB238A2940BBEB0017CDD0 /* Poppins-Black.ttf in Resources */,
				2DDB23652940BB420017CDD0 /* ProximaNova-Medium.otf in Resources */,
				2DDB23662940BB420017CDD0 /* ProximaNova-Black.otf in Resources */,
			);
			runOnlyForDeploymentPostprocessing = 0;
		};
/* End PBXResourcesBuildPhase section */

/* Begin PBXShellScriptBuildPhase section */
		58CBF62B7C96EF64F6770D12 /* [CP] Embed Pods Frameworks */ = {
			isa = PBXShellScriptBuildPhase;
			buildActionMask = 2147483647;
			files = (
			);
			inputFileListPaths = (
				"${PODS_ROOT}/Target Support Files/Pods-Scrive/Pods-Scrive-frameworks-${CONFIGURATION}-input-files.xcfilelist",
			);
			name = "[CP] Embed Pods Frameworks";
			outputFileListPaths = (
				"${PODS_ROOT}/Target Support Files/Pods-Scrive/Pods-Scrive-frameworks-${CONFIGURATION}-output-files.xcfilelist",
			);
			runOnlyForDeploymentPostprocessing = 0;
			shellPath = /bin/sh;
			shellScript = "\"${PODS_ROOT}/Target Support Files/Pods-Scrive/Pods-Scrive-frameworks.sh\"\n";
			showEnvVarsInLog = 0;
		};
		FB6424CDA9129C511BAD9D77 /* [CP] Check Pods Manifest.lock */ = {
			isa = PBXShellScriptBuildPhase;
			buildActionMask = 2147483647;
			files = (
			);
			inputFileListPaths = (
			);
			inputPaths = (
				"${PODS_PODFILE_DIR_PATH}/Podfile.lock",
				"${PODS_ROOT}/Manifest.lock",
			);
			name = "[CP] Check Pods Manifest.lock";
			outputFileListPaths = (
			);
			outputPaths = (
				"$(DERIVED_FILE_DIR)/Pods-Scrive-checkManifestLockResult.txt",
			);
			runOnlyForDeploymentPostprocessing = 0;
			shellPath = /bin/sh;
			shellScript = "diff \"${PODS_PODFILE_DIR_PATH}/Podfile.lock\" \"${PODS_ROOT}/Manifest.lock\" > /dev/null\nif [ $? != 0 ] ; then\n    # print error to STDERR\n    echo \"error: The sandbox is not in sync with the Podfile.lock. Run 'pod install' or update your CocoaPods installation.\" >&2\n    exit 1\nfi\n# This output is used by Xcode 'outputs' to avoid re-running this script phase.\necho \"SUCCESS\" > \"${SCRIPT_OUTPUT_FILE_0}\"\n";
			showEnvVarsInLog = 0;
		};
/* End PBXShellScriptBuildPhase section */

/* Begin PBXSourcesBuildPhase section */
		2DDB231D29406A3F0017CDD0 /* Sources */ = {
			isa = PBXSourcesBuildPhase;
			buildActionMask = 2147483647;
			files = (
				2DA8B15229841BEC003A815C /* Swizzle.swift in Sources */,
				2D2EC154295B18CB00F52A28 /* AppUtility.swift in Sources */,
				2DA8B15E2987A85C003A815C /* WKWebModel.swift in Sources */,
				2D2EC14C295B11EE00F52A28 /* AppOrientation.swift in Sources */,
				2D2EC152295B170900F52A28 /* Observable.swift in Sources */,
				2DA8B15429841F5E003A815C /* PushNotifications.swift in Sources */,
				2DDB23452940B1FA0017CDD0 /* UIColorExtensions.swift in Sources */,
				2DA8B1642987AB39003A815C /* ProgressHUD.swift in Sources */,
				2D9C9E7429880C4B006B6A3C /* CustomNavigationController.swift in Sources */,
				2D2EC14E295B121000F52A28 /* AppSingleton.swift in Sources */,
				2DA8B14E298404AE003A815C /* HomeVC.swift in Sources */,
				2D4B45B42988431400A015AB /* NSObjectExtensions.swift in Sources */,
				2DDB233D29406F540017CDD0 /* UserDefaultsHelper.swift in Sources */,
				2DDB233929406BD40017CDD0 /* StringExtensions.swift in Sources */,
				2DDB23432940B1990017CDD0 /* UIViewExtensions.swift in Sources */,
				2D2EC14B295B11EE00F52A28 /* AppFont.swift in Sources */,
				2D9C9E7629881052006B6A3C /* CustomAlerts.swift in Sources */,
				2D4B45B2298842A100A015AB /* ScreenManager.swift in Sources */,
				2DA8B1602987A91F003A815C /* WKWebViewExtensions.swift in Sources */,
				2DDB233F2940ADF60017CDD0 /* UILabelExtensions.swift in Sources */,
				2DDB232929406A3F0017CDD0 /* BaseViewController.swift in Sources */,
				2DDB232529406A3F0017CDD0 /* AppDelegate.swift in Sources */,
				2DDB232729406A3F0017CDD0 /* SceneDelegate.swift in Sources */,
				2D2EC148295B11A600F52A28 /* GlobalPrint.swift in Sources */,
				2D9C9E7129880B6D006B6A3C /* UIViewControllerExtensions.swift in Sources */,
				2DA8B15C2987A7F9003A815C /* WKWebVC.swift in Sources */,
				2DDB23412940AE2B0017CDD0 /* UIButtonExtensions.swift in Sources */,
				2D2EC150295B136B00F52A28 /* BackspaceTextField.swift in Sources */,
			);
			runOnlyForDeploymentPostprocessing = 0;
		};
/* End PBXSourcesBuildPhase section */

/* Begin PBXVariantGroup section */
		2DDB232F29406A410017CDD0 /* LaunchScreen.storyboard */ = {
			isa = PBXVariantGroup;
			children = (
				2DDB233029406A410017CDD0 /* Base */,
			);
			name = LaunchScreen.storyboard;
			sourceTree = "<group>";
		};
/* End PBXVariantGroup section */

/* Begin XCBuildConfiguration section */
		2DDB233329406A410017CDD0 /* Debug */ = {
			isa = XCBuildConfiguration;
			buildSettings = {
				ALWAYS_SEARCH_USER_PATHS = NO;
				CLANG_ANALYZER_NONNULL = YES;
				CLANG_ANALYZER_NUMBER_OBJECT_CONVERSION = YES_AGGRESSIVE;
				CLANG_CXX_LANGUAGE_STANDARD = "gnu++20";
				CLANG_ENABLE_MODULES = YES;
				CLANG_ENABLE_OBJC_ARC = YES;
				CLANG_ENABLE_OBJC_WEAK = YES;
				CLANG_WARN_BLOCK_CAPTURE_AUTORELEASING = YES;
				CLANG_WARN_BOOL_CONVERSION = YES;
				CLANG_WARN_COMMA = YES;
				CLANG_WARN_CONSTANT_CONVERSION = YES;
				CLANG_WARN_DEPRECATED_OBJC_IMPLEMENTATIONS = YES;
				CLANG_WARN_DIRECT_OBJC_ISA_USAGE = YES_ERROR;
				CLANG_WARN_DOCUMENTATION_COMMENTS = YES;
				CLANG_WARN_EMPTY_BODY = YES;
				CLANG_WARN_ENUM_CONVERSION = YES;
				CLANG_WARN_INFINITE_RECURSION = YES;
				CLANG_WARN_INT_CONVERSION = YES;
				CLANG_WARN_NON_LITERAL_NULL_CONVERSION = YES;
				CLANG_WARN_OBJC_IMPLICIT_RETAIN_SELF = YES;
				CLANG_WARN_OBJC_LITERAL_CONVERSION = YES;
				CLANG_WARN_OBJC_ROOT_CLASS = YES_ERROR;
				CLANG_WARN_QUOTED_INCLUDE_IN_FRAMEWORK_HEADER = YES;
				CLANG_WARN_RANGE_LOOP_ANALYSIS = YES;
				CLANG_WARN_STRICT_PROTOTYPES = YES;
				CLANG_WARN_SUSPICIOUS_MOVE = YES;
				CLANG_WARN_UNGUARDED_AVAILABILITY = YES_AGGRESSIVE;
				CLANG_WARN_UNREACHABLE_CODE = YES;
				CLANG_WARN__DUPLICATE_METHOD_MATCH = YES;
				COPY_PHASE_STRIP = NO;
				DEBUG_INFORMATION_FORMAT = dwarf;
				ENABLE_STRICT_OBJC_MSGSEND = YES;
				ENABLE_TESTABILITY = YES;
				GCC_C_LANGUAGE_STANDARD = gnu11;
				GCC_DYNAMIC_NO_PIC = NO;
				GCC_NO_COMMON_BLOCKS = YES;
				GCC_OPTIMIZATION_LEVEL = 0;
				GCC_PREPROCESSOR_DEFINITIONS = (
					"DEBUG=1",
					"$(inherited)",
				);
				GCC_WARN_64_TO_32_BIT_CONVERSION = YES;
				GCC_WARN_ABOUT_RETURN_TYPE = YES_ERROR;
				GCC_WARN_UNDECLARED_SELECTOR = YES;
				GCC_WARN_UNINITIALIZED_AUTOS = YES_AGGRESSIVE;
				GCC_WARN_UNUSED_FUNCTION = YES;
				GCC_WARN_UNUSED_VARIABLE = YES;
				IPHONEOS_DEPLOYMENT_TARGET = 13.0;
				MTL_ENABLE_DEBUG_INFO = INCLUDE_SOURCE;
				MTL_FAST_MATH = YES;
				ONLY_ACTIVE_ARCH = YES;
				SDKROOT = iphoneos;
				SWIFT_ACTIVE_COMPILATION_CONDITIONS = DEBUG;
				SWIFT_OPTIMIZATION_LEVEL = "-Onone";
			};
			name = Debug;
		};
		2DDB233429406A410017CDD0 /* Release */ = {
			isa = XCBuildConfiguration;
			buildSettings = {
				ALWAYS_SEARCH_USER_PATHS = NO;
				CLANG_ANALYZER_NONNULL = YES;
				CLANG_ANALYZER_NUMBER_OBJECT_CONVERSION = YES_AGGRESSIVE;
				CLANG_CXX_LANGUAGE_STANDARD = "gnu++20";
				CLANG_ENABLE_MODULES = YES;
				CLANG_ENABLE_OBJC_ARC = YES;
				CLANG_ENABLE_OBJC_WEAK = YES;
				CLANG_WARN_BLOCK_CAPTURE_AUTORELEASING = YES;
				CLANG_WARN_BOOL_CONVERSION = YES;
				CLANG_WARN_COMMA = YES;
				CLANG_WARN_CONSTANT_CONVERSION = YES;
				CLANG_WARN_DEPRECATED_OBJC_IMPLEMENTATIONS = YES;
				CLANG_WARN_DIRECT_OBJC_ISA_USAGE = YES_ERROR;
				CLANG_WARN_DOCUMENTATION_COMMENTS = YES;
				CLANG_WARN_EMPTY_BODY = YES;
				CLANG_WARN_ENUM_CONVERSION = YES;
				CLANG_WARN_INFINITE_RECURSION = YES;
				CLANG_WARN_INT_CONVERSION = YES;
				CLANG_WARN_NON_LITERAL_NULL_CONVERSION = YES;
				CLANG_WARN_OBJC_IMPLICIT_RETAIN_SELF = YES;
				CLANG_WARN_OBJC_LITERAL_CONVERSION = YES;
				CLANG_WARN_OBJC_ROOT_CLASS = YES_ERROR;
				CLANG_WARN_QUOTED_INCLUDE_IN_FRAMEWORK_HEADER = YES;
				CLANG_WARN_RANGE_LOOP_ANALYSIS = YES;
				CLANG_WARN_STRICT_PROTOTYPES = YES;
				CLANG_WARN_SUSPICIOUS_MOVE = YES;
				CLANG_WARN_UNGUARDED_AVAILABILITY = YES_AGGRESSIVE;
				CLANG_WARN_UNREACHABLE_CODE = YES;
				CLANG_WARN__DUPLICATE_METHOD_MATCH = YES;
				COPY_PHASE_STRIP = NO;
				DEBUG_INFORMATION_FORMAT = "dwarf-with-dsym";
				ENABLE_NS_ASSERTIONS = NO;
				ENABLE_STRICT_OBJC_MSGSEND = YES;
				GCC_C_LANGUAGE_STANDARD = gnu11;
				GCC_NO_COMMON_BLOCKS = YES;
				GCC_WARN_64_TO_32_BIT_CONVERSION = YES;
				GCC_WARN_ABOUT_RETURN_TYPE = YES_ERROR;
				GCC_WARN_UNDECLARED_SELECTOR = YES;
				GCC_WARN_UNINITIALIZED_AUTOS = YES_AGGRESSIVE;
				GCC_WARN_UNUSED_FUNCTION = YES;
				GCC_WARN_UNUSED_VARIABLE = YES;
				IPHONEOS_DEPLOYMENT_TARGET = 13.0;
				MTL_ENABLE_DEBUG_INFO = NO;
				MTL_FAST_MATH = YES;
				SDKROOT = iphoneos;
				SWIFT_COMPILATION_MODE = wholemodule;
				SWIFT_OPTIMIZATION_LEVEL = "-O";
				VALIDATE_PRODUCT = YES;
			};
			name = Release;
		};
		2DDB233629406A410017CDD0 /* Debug */ = {
			isa = XCBuildConfiguration;
			baseConfigurationReference = DE3AA987A6992EF18540A16B /* Pods-Scrive.debug.xcconfig */;
			buildSettings = {
				ASSETCATALOG_COMPILER_APPICON_NAME = AppIcon;
				ASSETCATALOG_COMPILER_GLOBAL_ACCENT_COLOR_NAME = AccentColor;
				CODE_SIGN_STYLE = Automatic;
				CURRENT_PROJECT_VERSION = 1;
				DEVELOPMENT_TEAM = U4DD4VV25K;
				GENERATE_INFOPLIST_FILE = YES;
				INFOPLIST_FILE = Scrive/Info.plist;
				INFOPLIST_KEY_UIApplicationSupportsIndirectInputEvents = YES;
				INFOPLIST_KEY_UILaunchStoryboardName = LaunchScreen;
				INFOPLIST_KEY_UIMainStoryboardFile = HomeSB;
				INFOPLIST_KEY_UISupportedInterfaceOrientations_iPad = "UIInterfaceOrientationPortrait UIInterfaceOrientationPortraitUpsideDown UIInterfaceOrientationLandscapeLeft UIInterfaceOrientationLandscapeRight";
				INFOPLIST_KEY_UISupportedInterfaceOrientations_iPhone = "UIInterfaceOrientationPortrait UIInterfaceOrientationLandscapeLeft UIInterfaceOrientationLandscapeRight";
				LD_RUNPATH_SEARCH_PATHS = (
					"$(inherited)",
					"@executable_path/Frameworks",
				);
				MARKETING_VERSION = 1.0;
				PRODUCT_BUNDLE_IDENTIFIER = com.Gss.Scrive;
				PRODUCT_NAME = "$(TARGET_NAME)";
				SWIFT_EMIT_LOC_STRINGS = YES;
				SWIFT_VERSION = 5.0;
				TARGETED_DEVICE_FAMILY = "1,2";
			};
			name = Debug;
		};
		2DDB233729406A410017CDD0 /* Release */ = {
			isa = XCBuildConfiguration;
			baseConfigurationReference = 3591872F135A93F8DCF3FD1D /* Pods-Scrive.release.xcconfig */;
			buildSettings = {
				ASSETCATALOG_COMPILER_APPICON_NAME = AppIcon;
				ASSETCATALOG_COMPILER_GLOBAL_ACCENT_COLOR_NAME = AccentColor;
				CODE_SIGN_STYLE = Automatic;
				CURRENT_PROJECT_VERSION = 1;
				DEVELOPMENT_TEAM = U4DD4VV25K;
				GENERATE_INFOPLIST_FILE = YES;
				INFOPLIST_FILE = Scrive/Info.plist;
				INFOPLIST_KEY_UIApplicationSupportsIndirectInputEvents = YES;
				INFOPLIST_KEY_UILaunchStoryboardName = LaunchScreen;
				INFOPLIST_KEY_UIMainStoryboardFile = HomeSB;
				INFOPLIST_KEY_UISupportedInterfaceOrientations_iPad = "UIInterfaceOrientationPortrait UIInterfaceOrientationPortraitUpsideDown UIInterfaceOrientationLandscapeLeft UIInterfaceOrientationLandscapeRight";
				INFOPLIST_KEY_UISupportedInterfaceOrientations_iPhone = "UIInterfaceOrientationPortrait UIInterfaceOrientationLandscapeLeft UIInterfaceOrientationLandscapeRight";
				LD_RUNPATH_SEARCH_PATHS = (
					"$(inherited)",
					"@executable_path/Frameworks",
				);
				MARKETING_VERSION = 1.0;
				PRODUCT_BUNDLE_IDENTIFIER = com.Gss.Scrive;
				PRODUCT_NAME = "$(TARGET_NAME)";
				SWIFT_EMIT_LOC_STRINGS = YES;
				SWIFT_VERSION = 5.0;
				TARGETED_DEVICE_FAMILY = "1,2";
			};
			name = Release;
		};
/* End XCBuildConfiguration section */

/* Begin XCConfigurationList section */
		2DDB231C29406A3F0017CDD0 /* Build configuration list for PBXProject "Scrive" */ = {
			isa = XCConfigurationList;
			buildConfigurations = (
				2DDB233329406A410017CDD0 /* Debug */,
				2DDB233429406A410017CDD0 /* Release */,
			);
			defaultConfigurationIsVisible = 0;
			defaultConfigurationName = Release;
		};
		2DDB233529406A410017CDD0 /* Build configuration list for PBXNativeTarget "Scrive" */ = {
			isa = XCConfigurationList;
			buildConfigurations = (
				2DDB233629406A410017CDD0 /* Debug */,
				2DDB233729406A410017CDD0 /* Release */,
			);
			defaultConfigurationIsVisible = 0;
			defaultConfigurationName = Release;
		};
/* End XCConfigurationList section */
	};
	rootObject = 2DDB231929406A3F0017CDD0 /* Project object */;
}
